// !$*UTF8*$!
{
	archiveVersion = 1;
	classes = {
	};
	objectVersion = 50;
	objects = {

/* Begin PBXBuildFile section */
		0BF649A41C5FB6CC00B8DDA0 /* AppDelegate.swift in Sources */ = {isa = PBXBuildFile; fileRef = 0BF649A31C5FB6CC00B8DDA0 /* AppDelegate.swift */; };
		0BF649AB1C5FB6CC00B8DDA0 /* Main.storyboard in Resources */ = {isa = PBXBuildFile; fileRef = 0BF649A91C5FB6CC00B8DDA0 /* Main.storyboard */; };
		0BF649AD1C5FB6CC00B8DDA0 /* Assets.xcassets in Resources */ = {isa = PBXBuildFile; fileRef = 0BF649AC1C5FB6CC00B8DDA0 /* Assets.xcassets */; };
		0BF649B01C5FB6CC00B8DDA0 /* LaunchScreen.storyboard in Resources */ = {isa = PBXBuildFile; fileRef = 0BF649AE1C5FB6CC00B8DDA0 /* LaunchScreen.storyboard */; };
		0BF649BB1C5FB6CC00B8DDA0 /* BookReviewTests.swift in Sources */ = {isa = PBXBuildFile; fileRef = 0BF649BA1C5FB6CC00B8DDA0 /* BookReviewTests.swift */; };
		0BF649C61C5FB6CC00B8DDA0 /* BookReviewUITests.swift in Sources */ = {isa = PBXBuildFile; fileRef = 0BF649C51C5FB6CC00B8DDA0 /* BookReviewUITests.swift */; };
		8637684FB1848101C25D3127 /* Pods_BookReview.framework in Frameworks */ = {isa = PBXBuildFile; fileRef = 126F63E030D2C13752B74259 /* Pods_BookReview.framework */; };
		AB9992FD5641D0B505DA60CC /* Pods_BookReviewTests.framework in Frameworks */ = {isa = PBXBuildFile; fileRef = C0BB1417247B1B9B2E4D612F /* Pods_BookReviewTests.framework */; };
		F7CD2329258F0EC3003764EC /* Controllers.swift in Sources */ = {isa = PBXBuildFile; fileRef = F7CD2328258F0EC3003764EC /* Controllers.swift */; };
		F7CD2331258F0F3E003764EC /* Storyboards.swift in Sources */ = {isa = PBXBuildFile; fileRef = F7CD2330258F0F3E003764EC /* Storyboards.swift */; };
		F7CD2338258F1491003764EC /* Environment.swift in Sources */ = {isa = PBXBuildFile; fileRef = F7CD2337258F1491003764EC /* Environment.swift */; };
		F7CD2343258F157B003764EC /* AppFlowViewController.swift in Sources */ = {isa = PBXBuildFile; fileRef = F7CD2342258F157B003764EC /* AppFlowViewController.swift */; };
		F7CD2386258F2777003764EC /* ListViewController.swift in Sources */ = {isa = PBXBuildFile; fileRef = F7CD2385258F2777003764EC /* ListViewController.swift */; };
		F7CD238B258F278C003764EC /* ReviewsViewModel.swift in Sources */ = {isa = PBXBuildFile; fileRef = F7CD238A258F278C003764EC /* ReviewsViewModel.swift */; };
		F7CD239A258F28F8003764EC /* RequestRecipe.swift in Sources */ = {isa = PBXBuildFile; fileRef = F7CD2391258F28F8003764EC /* RequestRecipe.swift */; };
		F7CD239B258F28F8003764EC /* NetworkUtils.swift in Sources */ = {isa = PBXBuildFile; fileRef = F7CD2392258F28F8003764EC /* NetworkUtils.swift */; };
		F7CD239D258F28F8003764EC /* NetworkErrors.swift in Sources */ = {isa = PBXBuildFile; fileRef = F7CD2394258F28F8003764EC /* NetworkErrors.swift */; };
		F7CD239E258F28F8003764EC /* Printable.swift in Sources */ = {isa = PBXBuildFile; fileRef = F7CD2395258F28F8003764EC /* Printable.swift */; };
		F7CD239F258F28F8003764EC /* MasterCodable.swift in Sources */ = {isa = PBXBuildFile; fileRef = F7CD2396258F28F8003764EC /* MasterCodable.swift */; };
		F7CD23A2258F28F8003764EC /* NetworkRequester.swift in Sources */ = {isa = PBXBuildFile; fileRef = F7CD2399258F28F8003764EC /* NetworkRequester.swift */; };
		F7CD23B0258F2A19003764EC /* UserEndpoints.swift in Sources */ = {isa = PBXBuildFile; fileRef = F7CD23AF258F2A19003764EC /* UserEndpoints.swift */; };
		F7CD23B6258F2A73003764EC /* UserModel.swift in Sources */ = {isa = PBXBuildFile; fileRef = F7CD23B5258F2A73003764EC /* UserModel.swift */; };
		F7CD23C4258F2C8B003764EC /* StringExtensions.swift in Sources */ = {isa = PBXBuildFile; fileRef = F7CD23C3258F2C8B003764EC /* StringExtensions.swift */; };
		F7CD23C9258F2DF9003764EC /* CharacterSetExtensions.swift in Sources */ = {isa = PBXBuildFile; fileRef = F7CD23C8258F2DF9003764EC /* CharacterSetExtensions.swift */; };
		F7CD23EC258F9646003764EC /* LoadingView.swift in Sources */ = {isa = PBXBuildFile; fileRef = F7CD23EB258F9646003764EC /* LoadingView.swift */; };
		F7CD23F1258F96BB003764EC /* Rotable.swift in Sources */ = {isa = PBXBuildFile; fileRef = F7CD23F0258F96BB003764EC /* Rotable.swift */; };
		F7CD23F6258F97E0003764EC /* UIViewControllerExtensions.swift in Sources */ = {isa = PBXBuildFile; fileRef = F7CD23F5258F97E0003764EC /* UIViewControllerExtensions.swift */; };
		F7CD23FE258FA147003764EC /* Images.swift in Sources */ = {isa = PBXBuildFile; fileRef = F7CD23FD258FA147003764EC /* Images.swift */; };
		F7CD2408258FAA9E003764EC /* ServiceLocator.swift in Sources */ = {isa = PBXBuildFile; fileRef = F7CD2407258FAA9E003764EC /* ServiceLocator.swift */; };
		F7CD2410258FABFA003764EC /* Localizable.strings in Resources */ = {isa = PBXBuildFile; fileRef = F7CD240F258FABFA003764EC /* Localizable.strings */; };
		F7CD2418258FB26D003764EC /* Localizable.swift in Sources */ = {isa = PBXBuildFile; fileRef = F7CD2417258FB26D003764EC /* Localizable.swift */; };
		F7CD242B258FB426003764EC /* Localized.swift in Sources */ = {isa = PBXBuildFile; fileRef = F7CD242A258FB426003764EC /* Localized.swift */; };
		FA3321CFC0B5BC82801E6813 /* Pods_BookReview_BookReviewUITests.framework in Frameworks */ = {isa = PBXBuildFile; fileRef = F774969A2B2AA1EAFFC6876D /* Pods_BookReview_BookReviewUITests.framework */; };
/* End PBXBuildFile section */

/* Begin PBXContainerItemProxy section */
		0BF649B71C5FB6CC00B8DDA0 /* PBXContainerItemProxy */ = {
			isa = PBXContainerItemProxy;
			containerPortal = 0BF649981C5FB6CC00B8DDA0 /* Project object */;
			proxyType = 1;
			remoteGlobalIDString = 0BF6499F1C5FB6CC00B8DDA0;
			remoteInfo = BookReview;
		};
		0BF649C21C5FB6CC00B8DDA0 /* PBXContainerItemProxy */ = {
			isa = PBXContainerItemProxy;
			containerPortal = 0BF649981C5FB6CC00B8DDA0 /* Project object */;
			proxyType = 1;
			remoteGlobalIDString = 0BF6499F1C5FB6CC00B8DDA0;
			remoteInfo = BookReview;
		};
/* End PBXContainerItemProxy section */

/* Begin PBXFileReference section */
		0BF649A01C5FB6CC00B8DDA0 /* BookReview.app */ = {isa = PBXFileReference; explicitFileType = wrapper.application; includeInIndex = 0; path = BookReview.app; sourceTree = BUILT_PRODUCTS_DIR; };
		0BF649A31C5FB6CC00B8DDA0 /* AppDelegate.swift */ = {isa = PBXFileReference; lastKnownFileType = sourcecode.swift; path = AppDelegate.swift; sourceTree = "<group>"; };
		0BF649AA1C5FB6CC00B8DDA0 /* Base */ = {isa = PBXFileReference; lastKnownFileType = file.storyboard; name = Base; path = Base.lproj/Main.storyboard; sourceTree = "<group>"; };
		0BF649AC1C5FB6CC00B8DDA0 /* Assets.xcassets */ = {isa = PBXFileReference; lastKnownFileType = folder.assetcatalog; path = Assets.xcassets; sourceTree = "<group>"; };
		0BF649AF1C5FB6CC00B8DDA0 /* Base */ = {isa = PBXFileReference; lastKnownFileType = file.storyboard; name = Base; path = Base.lproj/LaunchScreen.storyboard; sourceTree = "<group>"; };
		0BF649B11C5FB6CC00B8DDA0 /* Info.plist */ = {isa = PBXFileReference; lastKnownFileType = text.plist.xml; path = Info.plist; sourceTree = "<group>"; };
		0BF649B61C5FB6CC00B8DDA0 /* BookReviewTests.xctest */ = {isa = PBXFileReference; explicitFileType = wrapper.cfbundle; includeInIndex = 0; path = BookReviewTests.xctest; sourceTree = BUILT_PRODUCTS_DIR; };
		0BF649BA1C5FB6CC00B8DDA0 /* BookReviewTests.swift */ = {isa = PBXFileReference; lastKnownFileType = sourcecode.swift; path = BookReviewTests.swift; sourceTree = "<group>"; };
		0BF649BC1C5FB6CC00B8DDA0 /* Info.plist */ = {isa = PBXFileReference; lastKnownFileType = text.plist.xml; path = Info.plist; sourceTree = "<group>"; };
		0BF649C11C5FB6CC00B8DDA0 /* BookReviewUITests.xctest */ = {isa = PBXFileReference; explicitFileType = wrapper.cfbundle; includeInIndex = 0; path = BookReviewUITests.xctest; sourceTree = BUILT_PRODUCTS_DIR; };
		0BF649C51C5FB6CC00B8DDA0 /* BookReviewUITests.swift */ = {isa = PBXFileReference; lastKnownFileType = sourcecode.swift; path = BookReviewUITests.swift; sourceTree = "<group>"; };
		0BF649C71C5FB6CC00B8DDA0 /* Info.plist */ = {isa = PBXFileReference; lastKnownFileType = text.plist.xml; path = Info.plist; sourceTree = "<group>"; };
		1247C5039761D1105B9D0266 /* Pods-BookReview-BookReviewUITests.debug.xcconfig */ = {isa = PBXFileReference; includeInIndex = 1; lastKnownFileType = text.xcconfig; name = "Pods-BookReview-BookReviewUITests.debug.xcconfig"; path = "Target Support Files/Pods-BookReview-BookReviewUITests/Pods-BookReview-BookReviewUITests.debug.xcconfig"; sourceTree = "<group>"; };
		126F63E030D2C13752B74259 /* Pods_BookReview.framework */ = {isa = PBXFileReference; explicitFileType = wrapper.framework; includeInIndex = 0; path = Pods_BookReview.framework; sourceTree = BUILT_PRODUCTS_DIR; };
		16D7B036220380C3006D47F3 /* SwiftyJSON.framework */ = {isa = PBXFileReference; explicitFileType = wrapper.framework; path = SwiftyJSON.framework; sourceTree = BUILT_PRODUCTS_DIR; };
		3536550F9FEAB1854636E8B6 /* Pods-BookReview.debug.xcconfig */ = {isa = PBXFileReference; includeInIndex = 1; lastKnownFileType = text.xcconfig; name = "Pods-BookReview.debug.xcconfig"; path = "Target Support Files/Pods-BookReview/Pods-BookReview.debug.xcconfig"; sourceTree = "<group>"; };
		452E7CC2061F395D1B2CD230 /* Pods-BookReviewTests.release.xcconfig */ = {isa = PBXFileReference; includeInIndex = 1; lastKnownFileType = text.xcconfig; name = "Pods-BookReviewTests.release.xcconfig"; path = "Target Support Files/Pods-BookReviewTests/Pods-BookReviewTests.release.xcconfig"; sourceTree = "<group>"; };
		A1EA7007D4F6D613A3462914 /* Pods-BookReview.release.xcconfig */ = {isa = PBXFileReference; includeInIndex = 1; lastKnownFileType = text.xcconfig; name = "Pods-BookReview.release.xcconfig"; path = "Target Support Files/Pods-BookReview/Pods-BookReview.release.xcconfig"; sourceTree = "<group>"; };
		B06DCD7D07F0F715753D3355 /* Pods-BookReviewTests.debug.xcconfig */ = {isa = PBXFileReference; includeInIndex = 1; lastKnownFileType = text.xcconfig; name = "Pods-BookReviewTests.debug.xcconfig"; path = "Target Support Files/Pods-BookReviewTests/Pods-BookReviewTests.debug.xcconfig"; sourceTree = "<group>"; };
		C0BB1417247B1B9B2E4D612F /* Pods_BookReviewTests.framework */ = {isa = PBXFileReference; explicitFileType = wrapper.framework; includeInIndex = 0; path = Pods_BookReviewTests.framework; sourceTree = BUILT_PRODUCTS_DIR; };
		F774969A2B2AA1EAFFC6876D /* Pods_BookReview_BookReviewUITests.framework */ = {isa = PBXFileReference; explicitFileType = wrapper.framework; includeInIndex = 0; path = Pods_BookReview_BookReviewUITests.framework; sourceTree = BUILT_PRODUCTS_DIR; };
		F7CD2328258F0EC3003764EC /* Controllers.swift */ = {isa = PBXFileReference; lastKnownFileType = sourcecode.swift; path = Controllers.swift; sourceTree = "<group>"; };
		F7CD2330258F0F3E003764EC /* Storyboards.swift */ = {isa = PBXFileReference; lastKnownFileType = sourcecode.swift; path = Storyboards.swift; sourceTree = "<group>"; };
		F7CD2337258F1491003764EC /* Environment.swift */ = {isa = PBXFileReference; lastKnownFileType = sourcecode.swift; path = Environment.swift; sourceTree = "<group>"; };
		F7CD2342258F157B003764EC /* AppFlowViewController.swift */ = {isa = PBXFileReference; lastKnownFileType = sourcecode.swift; path = AppFlowViewController.swift; sourceTree = "<group>"; };
		F7CD2385258F2777003764EC /* ListViewController.swift */ = {isa = PBXFileReference; lastKnownFileType = sourcecode.swift; path = ListViewController.swift; sourceTree = "<group>"; };
		F7CD238A258F278C003764EC /* ReviewsViewModel.swift */ = {isa = PBXFileReference; lastKnownFileType = sourcecode.swift; path = ReviewsViewModel.swift; sourceTree = "<group>"; };
		F7CD2391258F28F8003764EC /* RequestRecipe.swift */ = {isa = PBXFileReference; fileEncoding = 4; lastKnownFileType = sourcecode.swift; path = RequestRecipe.swift; sourceTree = "<group>"; };
		F7CD2392258F28F8003764EC /* NetworkUtils.swift */ = {isa = PBXFileReference; fileEncoding = 4; lastKnownFileType = sourcecode.swift; path = NetworkUtils.swift; sourceTree = "<group>"; };
		F7CD2394258F28F8003764EC /* NetworkErrors.swift */ = {isa = PBXFileReference; fileEncoding = 4; lastKnownFileType = sourcecode.swift; path = NetworkErrors.swift; sourceTree = "<group>"; };
		F7CD2395258F28F8003764EC /* Printable.swift */ = {isa = PBXFileReference; fileEncoding = 4; lastKnownFileType = sourcecode.swift; path = Printable.swift; sourceTree = "<group>"; };
		F7CD2396258F28F8003764EC /* MasterCodable.swift */ = {isa = PBXFileReference; fileEncoding = 4; lastKnownFileType = sourcecode.swift; path = MasterCodable.swift; sourceTree = "<group>"; };
		F7CD2399258F28F8003764EC /* NetworkRequester.swift */ = {isa = PBXFileReference; fileEncoding = 4; lastKnownFileType = sourcecode.swift; path = NetworkRequester.swift; sourceTree = "<group>"; };
		F7CD23AF258F2A19003764EC /* UserEndpoints.swift */ = {isa = PBXFileReference; lastKnownFileType = sourcecode.swift; path = UserEndpoints.swift; sourceTree = "<group>"; };
		F7CD23B5258F2A73003764EC /* UserModel.swift */ = {isa = PBXFileReference; lastKnownFileType = sourcecode.swift; path = UserModel.swift; sourceTree = "<group>"; };
		F7CD23C3258F2C8B003764EC /* StringExtensions.swift */ = {isa = PBXFileReference; lastKnownFileType = sourcecode.swift; path = StringExtensions.swift; sourceTree = "<group>"; };
		F7CD23C8258F2DF9003764EC /* CharacterSetExtensions.swift */ = {isa = PBXFileReference; lastKnownFileType = sourcecode.swift; path = CharacterSetExtensions.swift; sourceTree = "<group>"; };
		F7CD23EB258F9646003764EC /* LoadingView.swift */ = {isa = PBXFileReference; lastKnownFileType = sourcecode.swift; path = LoadingView.swift; sourceTree = "<group>"; };
		F7CD23F0258F96BB003764EC /* Rotable.swift */ = {isa = PBXFileReference; lastKnownFileType = sourcecode.swift; path = Rotable.swift; sourceTree = "<group>"; };
		F7CD23F5258F97E0003764EC /* UIViewControllerExtensions.swift */ = {isa = PBXFileReference; lastKnownFileType = sourcecode.swift; path = UIViewControllerExtensions.swift; sourceTree = "<group>"; };
		F7CD23FD258FA147003764EC /* Images.swift */ = {isa = PBXFileReference; lastKnownFileType = sourcecode.swift; path = Images.swift; sourceTree = "<group>"; };
		F7CD2407258FAA9E003764EC /* ServiceLocator.swift */ = {isa = PBXFileReference; lastKnownFileType = sourcecode.swift; path = ServiceLocator.swift; sourceTree = "<group>"; };
		F7CD240F258FABFA003764EC /* Localizable.strings */ = {isa = PBXFileReference; lastKnownFileType = text.plist.strings; path = Localizable.strings; sourceTree = "<group>"; };
		F7CD2417258FB26D003764EC /* Localizable.swift */ = {isa = PBXFileReference; lastKnownFileType = sourcecode.swift; path = Localizable.swift; sourceTree = "<group>"; };
		F7CD242A258FB426003764EC /* Localized.swift */ = {isa = PBXFileReference; lastKnownFileType = sourcecode.swift; path = Localized.swift; sourceTree = "<group>"; };
		FCDD8382D2FA370CAB9888C1 /* Pods-BookReview-BookReviewUITests.release.xcconfig */ = {isa = PBXFileReference; includeInIndex = 1; lastKnownFileType = text.xcconfig; name = "Pods-BookReview-BookReviewUITests.release.xcconfig"; path = "Target Support Files/Pods-BookReview-BookReviewUITests/Pods-BookReview-BookReviewUITests.release.xcconfig"; sourceTree = "<group>"; };
/* End PBXFileReference section */

/* Begin PBXFrameworksBuildPhase section */
		599195299E7147EAE3B5A7C3 /* Frameworks */ = {
			isa = PBXFrameworksBuildPhase;
			buildActionMask = 2147483647;
			files = (
				8637684FB1848101C25D3127 /* Pods_BookReview.framework in Frameworks */,
			);
			runOnlyForDeploymentPostprocessing = 0;
		};
		6CF2A7CCE04D2F8F2356012B /* Frameworks */ = {
			isa = PBXFrameworksBuildPhase;
			buildActionMask = 2147483647;
			files = (
				AB9992FD5641D0B505DA60CC /* Pods_BookReviewTests.framework in Frameworks */,
			);
			runOnlyForDeploymentPostprocessing = 0;
		};
		996E2D080ECB6418045A6DF7 /* Frameworks */ = {
			isa = PBXFrameworksBuildPhase;
			buildActionMask = 2147483647;
			files = (
				FA3321CFC0B5BC82801E6813 /* Pods_BookReview_BookReviewUITests.framework in Frameworks */,
			);
			runOnlyForDeploymentPostprocessing = 0;
		};
/* End PBXFrameworksBuildPhase section */

/* Begin PBXGroup section */
		0BF649971C5FB6CC00B8DDA0 = {
			isa = PBXGroup;
			children = (
				0BF649A21C5FB6CC00B8DDA0 /* BookReview */,
				0BF649B91C5FB6CC00B8DDA0 /* BookReviewTests */,
				0BF649C41C5FB6CC00B8DDA0 /* BookReviewUITests */,
				0BF649A11C5FB6CC00B8DDA0 /* Products */,
				0C36341B10C1CE8C1DB9D1B9 /* Frameworks */,
				161CBC8A07688C9B99C7037B /* Pods */,
			);
			sourceTree = "<group>";
		};
		0BF649A11C5FB6CC00B8DDA0 /* Products */ = {
			isa = PBXGroup;
			children = (
				0BF649A01C5FB6CC00B8DDA0 /* BookReview.app */,
				0BF649B61C5FB6CC00B8DDA0 /* BookReviewTests.xctest */,
				0BF649C11C5FB6CC00B8DDA0 /* BookReviewUITests.xctest */,
			);
			name = Products;
			sourceTree = "<group>";
		};
		0BF649A21C5FB6CC00B8DDA0 /* BookReview */ = {
			isa = PBXGroup;
			children = (
				0BF649B11C5FB6CC00B8DDA0 /* Info.plist */,
				0BF649A31C5FB6CC00B8DDA0 /* AppDelegate.swift */,
				0BF649AE1C5FB6CC00B8DDA0 /* LaunchScreen.storyboard */,
				0BF649AC1C5FB6CC00B8DDA0 /* Assets.xcassets */,
				F7CD240F258FABFA003764EC /* Localizable.strings */,
				F7CD2336258F1482003764EC /* Infra */,
				F7CD238F258F28BC003764EC /* Data */,
				F7CD237B258F22B4003764EC /* ViewControllers */,
				F7CD2335258F11AE003764EC /* FlowControllers */,
				F7CD2327258F0EA5003764EC /* Utils + Extensions */,
				16D7B03D220385F5006D47F3 /* Storyboard */,
			);
			path = BookReview;
			sourceTree = "<group>";
		};
		0BF649B91C5FB6CC00B8DDA0 /* BookReviewTests */ = {
			isa = PBXGroup;
			children = (
				0BF649BA1C5FB6CC00B8DDA0 /* BookReviewTests.swift */,
				0BF649BC1C5FB6CC00B8DDA0 /* Info.plist */,
			);
			path = BookReviewTests;
			sourceTree = "<group>";
		};
		0BF649C41C5FB6CC00B8DDA0 /* BookReviewUITests */ = {
			isa = PBXGroup;
			children = (
				0BF649C51C5FB6CC00B8DDA0 /* BookReviewUITests.swift */,
				0BF649C71C5FB6CC00B8DDA0 /* Info.plist */,
			);
			path = BookReviewUITests;
			sourceTree = "<group>";
		};
		0C36341B10C1CE8C1DB9D1B9 /* Frameworks */ = {
			isa = PBXGroup;
			children = (
				16D7B036220380C3006D47F3 /* SwiftyJSON.framework */,
				126F63E030D2C13752B74259 /* Pods_BookReview.framework */,
				F774969A2B2AA1EAFFC6876D /* Pods_BookReview_BookReviewUITests.framework */,
				C0BB1417247B1B9B2E4D612F /* Pods_BookReviewTests.framework */,
			);
			name = Frameworks;
			sourceTree = "<group>";
		};
		161CBC8A07688C9B99C7037B /* Pods */ = {
			isa = PBXGroup;
			children = (
				3536550F9FEAB1854636E8B6 /* Pods-BookReview.debug.xcconfig */,
				A1EA7007D4F6D613A3462914 /* Pods-BookReview.release.xcconfig */,
				1247C5039761D1105B9D0266 /* Pods-BookReview-BookReviewUITests.debug.xcconfig */,
				FCDD8382D2FA370CAB9888C1 /* Pods-BookReview-BookReviewUITests.release.xcconfig */,
				B06DCD7D07F0F715753D3355 /* Pods-BookReviewTests.debug.xcconfig */,
				452E7CC2061F395D1B2CD230 /* Pods-BookReviewTests.release.xcconfig */,
			);
			path = Pods;
			sourceTree = "<group>";
		};
		16D7B03D220385F5006D47F3 /* Storyboard */ = {
			isa = PBXGroup;
			children = (
				0BF649A91C5FB6CC00B8DDA0 /* Main.storyboard */,
			);
			path = Storyboard;
			sourceTree = "<group>";
		};
		F7CD2327258F0EA5003764EC /* Utils + Extensions */ = {
			isa = PBXGroup;
			children = (
				F7CD241D258FB2AC003764EC /* Extensions */,
				F7CD241C258FB2A6003764EC /* Utils */,
			);
			path = "Utils + Extensions";
			sourceTree = "<group>";
		};
		F7CD2335258F11AE003764EC /* FlowControllers */ = {
			isa = PBXGroup;
			children = (
				F7CD2342258F157B003764EC /* AppFlowViewController.swift */,
			);
			path = FlowControllers;
			sourceTree = "<group>";
		};
		F7CD2336258F1482003764EC /* Infra */ = {
			isa = PBXGroup;
			children = (
				F7CD2390258F28F8003764EC /* Network */,
				F7CD2337258F1491003764EC /* Environment.swift */,
			);
			path = Infra;
			sourceTree = "<group>";
		};
		F7CD237B258F22B4003764EC /* ViewControllers */ = {
			isa = PBXGroup;
			children = (
				F7CD2385258F2777003764EC /* ListViewController.swift */,
				F7CD238A258F278C003764EC /* ReviewsViewModel.swift */,
			);
			path = ViewControllers;
			sourceTree = "<group>";
		};
		F7CD238F258F28BC003764EC /* Data */ = {
			isa = PBXGroup;
			children = (
				F7CD23AF258F2A19003764EC /* UserEndpoints.swift */,
				F7CD23B4258F2A4D003764EC /* Models */,
			);
			path = Data;
			sourceTree = "<group>";
		};
		F7CD2390258F28F8003764EC /* Network */ = {
			isa = PBXGroup;
			children = (
				F7CD2391258F28F8003764EC /* RequestRecipe.swift */,
				F7CD2392258F28F8003764EC /* NetworkUtils.swift */,
				F7CD2394258F28F8003764EC /* NetworkErrors.swift */,
				F7CD2395258F28F8003764EC /* Printable.swift */,
				F7CD2396258F28F8003764EC /* MasterCodable.swift */,
				F7CD2399258F28F8003764EC /* NetworkRequester.swift */,
			);
			path = Network;
			sourceTree = "<group>";
		};
		F7CD23B4258F2A4D003764EC /* Models */ = {
			isa = PBXGroup;
			children = (
				F7CD23B5258F2A73003764EC /* UserModel.swift */,
			);
			path = Models;
			sourceTree = "<group>";
		};
		F7CD241C258FB2A6003764EC /* Utils */ = {
			isa = PBXGroup;
			children = (
				F7CD2328258F0EC3003764EC /* Controllers.swift */,
				F7CD2330258F0F3E003764EC /* Storyboards.swift */,
				F7CD23EB258F9646003764EC /* LoadingView.swift */,
				F7CD23F0258F96BB003764EC /* Rotable.swift */,
				F7CD23FD258FA147003764EC /* Images.swift */,
				F7CD2407258FAA9E003764EC /* ServiceLocator.swift */,
				F7CD2417258FB26D003764EC /* Localizable.swift */,
				F7CD242A258FB426003764EC /* Localized.swift */,
			);
			path = Utils;
			sourceTree = "<group>";
		};
		F7CD241D258FB2AC003764EC /* Extensions */ = {
			isa = PBXGroup;
			children = (
				F7CD23C3258F2C8B003764EC /* StringExtensions.swift */,
				F7CD23C8258F2DF9003764EC /* CharacterSetExtensions.swift */,
				F7CD23F5258F97E0003764EC /* UIViewControllerExtensions.swift */,
			);
			path = Extensions;
			sourceTree = "<group>";
		};
/* End PBXGroup section */

/* Begin PBXNativeTarget section */
		0BF6499F1C5FB6CC00B8DDA0 /* BookReview */ = {
			isa = PBXNativeTarget;
			buildConfigurationList = 0BF649CA1C5FB6CC00B8DDA0 /* Build configuration list for PBXNativeTarget "BookReview" */;
			buildPhases = (
				48C95424EFB7AE7EE429A526 /* [CP] Check Pods Manifest.lock */,
				0BF6499C1C5FB6CC00B8DDA0 /* Sources */,
				0BF6499E1C5FB6CC00B8DDA0 /* Resources */,
				599195299E7147EAE3B5A7C3 /* Frameworks */,
			);
			buildRules = (
			);
			dependencies = (
			);
			name = BookReview;
			productName = BookReview;
			productReference = 0BF649A01C5FB6CC00B8DDA0 /* BookReview.app */;
			productType = "com.apple.product-type.application";
		};
		0BF649B51C5FB6CC00B8DDA0 /* BookReviewTests */ = {
			isa = PBXNativeTarget;
			buildConfigurationList = 0BF649CD1C5FB6CC00B8DDA0 /* Build configuration list for PBXNativeTarget "BookReviewTests" */;
			buildPhases = (
				6B1F98D0E7A1D94E7D8EAC9A /* [CP] Check Pods Manifest.lock */,
				0BF649B21C5FB6CC00B8DDA0 /* Sources */,
				0BF649B41C5FB6CC00B8DDA0 /* Resources */,
				6CF2A7CCE04D2F8F2356012B /* Frameworks */,
			);
			buildRules = (
			);
			dependencies = (
				0BF649B81C5FB6CC00B8DDA0 /* PBXTargetDependency */,
			);
			name = BookReviewTests;
			productName = BookReviewTests;
			productReference = 0BF649B61C5FB6CC00B8DDA0 /* BookReviewTests.xctest */;
			productType = "com.apple.product-type.bundle.unit-test";
		};
		0BF649C01C5FB6CC00B8DDA0 /* BookReviewUITests */ = {
			isa = PBXNativeTarget;
			buildConfigurationList = 0BF649D01C5FB6CC00B8DDA0 /* Build configuration list for PBXNativeTarget "BookReviewUITests" */;
			buildPhases = (
				7A9A0FA250A55FC2A8BE4EEC /* [CP] Check Pods Manifest.lock */,
				0BF649BD1C5FB6CC00B8DDA0 /* Sources */,
				0BF649BF1C5FB6CC00B8DDA0 /* Resources */,
				996E2D080ECB6418045A6DF7 /* Frameworks */,
			);
			buildRules = (
			);
			dependencies = (
				0BF649C31C5FB6CC00B8DDA0 /* PBXTargetDependency */,
			);
			name = BookReviewUITests;
			productName = BookReviewUITests;
			productReference = 0BF649C11C5FB6CC00B8DDA0 /* BookReviewUITests.xctest */;
			productType = "com.apple.product-type.bundle.ui-testing";
		};
/* End PBXNativeTarget section */

/* Begin PBXProject section */
		0BF649981C5FB6CC00B8DDA0 /* Project object */ = {
			isa = PBXProject;
			attributes = {
				LastSwiftUpdateCheck = 0720;
				LastUpgradeCheck = 1200;
				ORGANIZATIONNAME = Televisa;
				TargetAttributes = {
					0BF6499F1C5FB6CC00B8DDA0 = {
						CreatedOnToolsVersion = 7.2;
						DevelopmentTeam = 63ZV3S44QC;
					};
					0BF649B51C5FB6CC00B8DDA0 = {
						CreatedOnToolsVersion = 7.2;
						TestTargetID = 0BF6499F1C5FB6CC00B8DDA0;
					};
					0BF649C01C5FB6CC00B8DDA0 = {
						CreatedOnToolsVersion = 7.2;
						TestTargetID = 0BF6499F1C5FB6CC00B8DDA0;
					};
				};
			};
			buildConfigurationList = 0BF6499B1C5FB6CC00B8DDA0 /* Build configuration list for PBXProject "BookReview" */;
			compatibilityVersion = "Xcode 9.3";
			developmentRegion = en;
			hasScannedForEncodings = 0;
			knownRegions = (
				en,
				Base,
			);
			mainGroup = 0BF649971C5FB6CC00B8DDA0;
			productRefGroup = 0BF649A11C5FB6CC00B8DDA0 /* Products */;
			projectDirPath = "";
			projectRoot = "";
			targets = (
				0BF6499F1C5FB6CC00B8DDA0 /* BookReview */,
				0BF649B51C5FB6CC00B8DDA0 /* BookReviewTests */,
				0BF649C01C5FB6CC00B8DDA0 /* BookReviewUITests */,
			);
		};
/* End PBXProject section */

/* Begin PBXResourcesBuildPhase section */
		0BF6499E1C5FB6CC00B8DDA0 /* Resources */ = {
			isa = PBXResourcesBuildPhase;
			buildActionMask = 2147483647;
			files = (
				0BF649B01C5FB6CC00B8DDA0 /* LaunchScreen.storyboard in Resources */,
				F7CD2410258FABFA003764EC /* Localizable.strings in Resources */,
				0BF649AD1C5FB6CC00B8DDA0 /* Assets.xcassets in Resources */,
				0BF649AB1C5FB6CC00B8DDA0 /* Main.storyboard in Resources */,
			);
			runOnlyForDeploymentPostprocessing = 0;
		};
		0BF649B41C5FB6CC00B8DDA0 /* Resources */ = {
			isa = PBXResourcesBuildPhase;
			buildActionMask = 2147483647;
			files = (
			);
			runOnlyForDeploymentPostprocessing = 0;
		};
		0BF649BF1C5FB6CC00B8DDA0 /* Resources */ = {
			isa = PBXResourcesBuildPhase;
			buildActionMask = 2147483647;
			files = (
			);
			runOnlyForDeploymentPostprocessing = 0;
		};
/* End PBXResourcesBuildPhase section */

/* Begin PBXShellScriptBuildPhase section */
		48C95424EFB7AE7EE429A526 /* [CP] Check Pods Manifest.lock */ = {
			isa = PBXShellScriptBuildPhase;
			buildActionMask = 2147483647;
			files = (
			);
			inputFileListPaths = (
			);
			inputPaths = (
				"${PODS_PODFILE_DIR_PATH}/Podfile.lock",
				"${PODS_ROOT}/Manifest.lock",
			);
			name = "[CP] Check Pods Manifest.lock";
			outputFileListPaths = (
			);
			outputPaths = (
				"$(DERIVED_FILE_DIR)/Pods-BookReview-checkManifestLockResult.txt",
			);
			runOnlyForDeploymentPostprocessing = 0;
			shellPath = /bin/sh;
			shellScript = "diff \"${PODS_PODFILE_DIR_PATH}/Podfile.lock\" \"${PODS_ROOT}/Manifest.lock\" > /dev/null\nif [ $? != 0 ] ; then\n    # print error to STDERR\n    echo \"error: The sandbox is not in sync with the Podfile.lock. Run 'pod install' or update your CocoaPods installation.\" >&2\n    exit 1\nfi\n# This output is used by Xcode 'outputs' to avoid re-running this script phase.\necho \"SUCCESS\" > \"${SCRIPT_OUTPUT_FILE_0}\"\n";
			showEnvVarsInLog = 0;
		};
		6B1F98D0E7A1D94E7D8EAC9A /* [CP] Check Pods Manifest.lock */ = {
			isa = PBXShellScriptBuildPhase;
			buildActionMask = 2147483647;
			files = (
			);
			inputFileListPaths = (
			);
			inputPaths = (
				"${PODS_PODFILE_DIR_PATH}/Podfile.lock",
				"${PODS_ROOT}/Manifest.lock",
			);
			name = "[CP] Check Pods Manifest.lock";
			outputFileListPaths = (
			);
			outputPaths = (
				"$(DERIVED_FILE_DIR)/Pods-BookReviewTests-checkManifestLockResult.txt",
			);
			runOnlyForDeploymentPostprocessing = 0;
			shellPath = /bin/sh;
			shellScript = "diff \"${PODS_PODFILE_DIR_PATH}/Podfile.lock\" \"${PODS_ROOT}/Manifest.lock\" > /dev/null\nif [ $? != 0 ] ; then\n    # print error to STDERR\n    echo \"error: The sandbox is not in sync with the Podfile.lock. Run 'pod install' or update your CocoaPods installation.\" >&2\n    exit 1\nfi\n# This output is used by Xcode 'outputs' to avoid re-running this script phase.\necho \"SUCCESS\" > \"${SCRIPT_OUTPUT_FILE_0}\"\n";
			showEnvVarsInLog = 0;
		};
		7A9A0FA250A55FC2A8BE4EEC /* [CP] Check Pods Manifest.lock */ = {
			isa = PBXShellScriptBuildPhase;
			buildActionMask = 2147483647;
			files = (
			);
			inputFileListPaths = (
			);
			inputPaths = (
				"${PODS_PODFILE_DIR_PATH}/Podfile.lock",
				"${PODS_ROOT}/Manifest.lock",
			);
			name = "[CP] Check Pods Manifest.lock";
			outputFileListPaths = (
			);
			outputPaths = (
				"$(DERIVED_FILE_DIR)/Pods-BookReview-BookReviewUITests-checkManifestLockResult.txt",
			);
			runOnlyForDeploymentPostprocessing = 0;
			shellPath = /bin/sh;
			shellScript = "diff \"${PODS_PODFILE_DIR_PATH}/Podfile.lock\" \"${PODS_ROOT}/Manifest.lock\" > /dev/null\nif [ $? != 0 ] ; then\n    # print error to STDERR\n    echo \"error: The sandbox is not in sync with the Podfile.lock. Run 'pod install' or update your CocoaPods installation.\" >&2\n    exit 1\nfi\n# This output is used by Xcode 'outputs' to avoid re-running this script phase.\necho \"SUCCESS\" > \"${SCRIPT_OUTPUT_FILE_0}\"\n";
			showEnvVarsInLog = 0;
		};
/* End PBXShellScriptBuildPhase section */

/* Begin PBXSourcesBuildPhase section */
		0BF6499C1C5FB6CC00B8DDA0 /* Sources */ = {
			isa = PBXSourcesBuildPhase;
			buildActionMask = 2147483647;
			files = (
				F7CD2331258F0F3E003764EC /* Storyboards.swift in Sources */,
				F7CD242B258FB426003764EC /* Localized.swift in Sources */,
				F7CD2343258F157B003764EC /* AppFlowViewController.swift in Sources */,
				F7CD2418258FB26D003764EC /* Localizable.swift in Sources */,
				F7CD2386258F2777003764EC /* ListViewController.swift in Sources */,
				F7CD23B0258F2A19003764EC /* UserEndpoints.swift in Sources */,
				F7CD2338258F1491003764EC /* Environment.swift in Sources */,
				F7CD239B258F28F8003764EC /* NetworkUtils.swift in Sources */,
				F7CD238B258F278C003764EC /* ReviewsViewModel.swift in Sources */,
				F7CD23FE258FA147003764EC /* Images.swift in Sources */,
				0BF649A41C5FB6CC00B8DDA0 /* AppDelegate.swift in Sources */,
				F7CD2408258FAA9E003764EC /* ServiceLocator.swift in Sources */,
				F7CD23C4258F2C8B003764EC /* StringExtensions.swift in Sources */,
				F7CD239F258F28F8003764EC /* MasterCodable.swift in Sources */,
				F7CD23A2258F28F8003764EC /* NetworkRequester.swift in Sources */,
				F7CD239D258F28F8003764EC /* NetworkErrors.swift in Sources */,
				F7CD23F6258F97E0003764EC /* UIViewControllerExtensions.swift in Sources */,
				F7CD2329258F0EC3003764EC /* Controllers.swift in Sources */,
				F7CD239A258F28F8003764EC /* RequestRecipe.swift in Sources */,
				F7CD23B6258F2A73003764EC /* UserModel.swift in Sources */,
				F7CD23C9258F2DF9003764EC /* CharacterSetExtensions.swift in Sources */,
				F7CD23F1258F96BB003764EC /* Rotable.swift in Sources */,
				F7CD239E258F28F8003764EC /* Printable.swift in Sources */,
				F7CD23EC258F9646003764EC /* LoadingView.swift in Sources */,
			);
			runOnlyForDeploymentPostprocessing = 0;
		};
		0BF649B21C5FB6CC00B8DDA0 /* Sources */ = {
			isa = PBXSourcesBuildPhase;
			buildActionMask = 2147483647;
			files = (
				0BF649BB1C5FB6CC00B8DDA0 /* BookReviewTests.swift in Sources */,
			);
			runOnlyForDeploymentPostprocessing = 0;
		};
		0BF649BD1C5FB6CC00B8DDA0 /* Sources */ = {
			isa = PBXSourcesBuildPhase;
			buildActionMask = 2147483647;
			files = (
				0BF649C61C5FB6CC00B8DDA0 /* BookReviewUITests.swift in Sources */,
			);
			runOnlyForDeploymentPostprocessing = 0;
		};
/* End PBXSourcesBuildPhase section */

/* Begin PBXTargetDependency section */
		0BF649B81C5FB6CC00B8DDA0 /* PBXTargetDependency */ = {
			isa = PBXTargetDependency;
			target = 0BF6499F1C5FB6CC00B8DDA0 /* BookReview */;
			targetProxy = 0BF649B71C5FB6CC00B8DDA0 /* PBXContainerItemProxy */;
		};
		0BF649C31C5FB6CC00B8DDA0 /* PBXTargetDependency */ = {
			isa = PBXTargetDependency;
			target = 0BF6499F1C5FB6CC00B8DDA0 /* BookReview */;
			targetProxy = 0BF649C21C5FB6CC00B8DDA0 /* PBXContainerItemProxy */;
		};
/* End PBXTargetDependency section */

/* Begin PBXVariantGroup section */
		0BF649A91C5FB6CC00B8DDA0 /* Main.storyboard */ = {
			isa = PBXVariantGroup;
			children = (
				0BF649AA1C5FB6CC00B8DDA0 /* Base */,
			);
			name = Main.storyboard;
			sourceTree = "<group>";
		};
		0BF649AE1C5FB6CC00B8DDA0 /* LaunchScreen.storyboard */ = {
			isa = PBXVariantGroup;
			children = (
				0BF649AF1C5FB6CC00B8DDA0 /* Base */,
			);
			name = LaunchScreen.storyboard;
			sourceTree = "<group>";
		};
/* End PBXVariantGroup section */

/* Begin XCBuildConfiguration section */
		0BF649C81C5FB6CC00B8DDA0 /* Debug */ = {
			isa = XCBuildConfiguration;
			buildSettings = {
				ALWAYS_SEARCH_USER_PATHS = NO;
				CLANG_ANALYZER_LOCALIZABILITY_NONLOCALIZED = YES;
				CLANG_CXX_LANGUAGE_STANDARD = "gnu++0x";
				CLANG_CXX_LIBRARY = "libc++";
				CLANG_ENABLE_MODULES = YES;
				CLANG_ENABLE_OBJC_ARC = YES;
				CLANG_WARN_BLOCK_CAPTURE_AUTORELEASING = YES;
				CLANG_WARN_BOOL_CONVERSION = YES;
				CLANG_WARN_COMMA = YES;
				CLANG_WARN_CONSTANT_CONVERSION = YES;
				CLANG_WARN_DEPRECATED_OBJC_IMPLEMENTATIONS = YES;
				CLANG_WARN_DIRECT_OBJC_ISA_USAGE = YES_ERROR;
				CLANG_WARN_EMPTY_BODY = YES;
				CLANG_WARN_ENUM_CONVERSION = YES;
				CLANG_WARN_INFINITE_RECURSION = YES;
				CLANG_WARN_INT_CONVERSION = YES;
				CLANG_WARN_NON_LITERAL_NULL_CONVERSION = YES;
				CLANG_WARN_OBJC_IMPLICIT_RETAIN_SELF = YES;
				CLANG_WARN_OBJC_LITERAL_CONVERSION = YES;
				CLANG_WARN_OBJC_ROOT_CLASS = YES_ERROR;
				CLANG_WARN_QUOTED_INCLUDE_IN_FRAMEWORK_HEADER = YES;
				CLANG_WARN_RANGE_LOOP_ANALYSIS = YES;
				CLANG_WARN_STRICT_PROTOTYPES = YES;
				CLANG_WARN_SUSPICIOUS_MOVE = YES;
				CLANG_WARN_UNREACHABLE_CODE = YES;
				CLANG_WARN__DUPLICATE_METHOD_MATCH = YES;
				"CODE_SIGN_IDENTITY[sdk=iphoneos*]" = "iPhone Developer";
				COPY_PHASE_STRIP = NO;
				DEBUG_INFORMATION_FORMAT = dwarf;
				ENABLE_STRICT_OBJC_MSGSEND = YES;
				ENABLE_TESTABILITY = YES;
				GCC_C_LANGUAGE_STANDARD = gnu11;
				GCC_DYNAMIC_NO_PIC = NO;
				GCC_NO_COMMON_BLOCKS = YES;
				GCC_OPTIMIZATION_LEVEL = 0;
				GCC_PREPROCESSOR_DEFINITIONS = (
					"DEBUG=1",
					"$(inherited)",
				);
				GCC_WARN_64_TO_32_BIT_CONVERSION = YES;
				GCC_WARN_ABOUT_RETURN_TYPE = YES_ERROR;
				GCC_WARN_UNDECLARED_SELECTOR = YES;
				GCC_WARN_UNINITIALIZED_AUTOS = YES_AGGRESSIVE;
				GCC_WARN_UNUSED_FUNCTION = YES;
				GCC_WARN_UNUSED_VARIABLE = YES;
				IPHONEOS_DEPLOYMENT_TARGET = 12.0;
				MTL_ENABLE_DEBUG_INFO = YES;
				ONLY_ACTIVE_ARCH = YES;
				SDKROOT = iphoneos;
				SWIFT_OPTIMIZATION_LEVEL = "-Onone";
				SWIFT_VERSION = 5.0;
				TARGETED_DEVICE_FAMILY = "1,2";
			};
			name = Debug;
		};
		0BF649C91C5FB6CC00B8DDA0 /* Release */ = {
			isa = XCBuildConfiguration;
			buildSettings = {
				ALWAYS_SEARCH_USER_PATHS = NO;
				CLANG_ANALYZER_LOCALIZABILITY_NONLOCALIZED = YES;
				CLANG_CXX_LANGUAGE_STANDARD = "gnu++0x";
				CLANG_CXX_LIBRARY = "libc++";
				CLANG_ENABLE_MODULES = YES;
				CLANG_ENABLE_OBJC_ARC = YES;
				CLANG_WARN_BLOCK_CAPTURE_AUTORELEASING = YES;
				CLANG_WARN_BOOL_CONVERSION = YES;
				CLANG_WARN_COMMA = YES;
				CLANG_WARN_CONSTANT_CONVERSION = YES;
				CLANG_WARN_DEPRECATED_OBJC_IMPLEMENTATIONS = YES;
				CLANG_WARN_DIRECT_OBJC_ISA_USAGE = YES_ERROR;
				CLANG_WARN_EMPTY_BODY = YES;
				CLANG_WARN_ENUM_CONVERSION = YES;
				CLANG_WARN_INFINITE_RECURSION = YES;
				CLANG_WARN_INT_CONVERSION = YES;
				CLANG_WARN_NON_LITERAL_NULL_CONVERSION = YES;
				CLANG_WARN_OBJC_IMPLICIT_RETAIN_SELF = YES;
				CLANG_WARN_OBJC_LITERAL_CONVERSION = YES;
				CLANG_WARN_OBJC_ROOT_CLASS = YES_ERROR;
				CLANG_WARN_QUOTED_INCLUDE_IN_FRAMEWORK_HEADER = YES;
				CLANG_WARN_RANGE_LOOP_ANALYSIS = YES;
				CLANG_WARN_STRICT_PROTOTYPES = YES;
				CLANG_WARN_SUSPICIOUS_MOVE = YES;
				CLANG_WARN_UNREACHABLE_CODE = YES;
				CLANG_WARN__DUPLICATE_METHOD_MATCH = YES;
				"CODE_SIGN_IDENTITY[sdk=iphoneos*]" = "iPhone Developer";
				COPY_PHASE_STRIP = NO;
				DEBUG_INFORMATION_FORMAT = "dwarf-with-dsym";
				ENABLE_NS_ASSERTIONS = NO;
				ENABLE_STRICT_OBJC_MSGSEND = YES;
				GCC_C_LANGUAGE_STANDARD = gnu11;
				GCC_NO_COMMON_BLOCKS = YES;
				GCC_WARN_64_TO_32_BIT_CONVERSION = YES;
				GCC_WARN_ABOUT_RETURN_TYPE = YES_ERROR;
				GCC_WARN_UNDECLARED_SELECTOR = YES;
				GCC_WARN_UNINITIALIZED_AUTOS = YES_AGGRESSIVE;
				GCC_WARN_UNUSED_FUNCTION = YES;
				GCC_WARN_UNUSED_VARIABLE = YES;
				IPHONEOS_DEPLOYMENT_TARGET = 12.0;
				MTL_ENABLE_DEBUG_INFO = NO;
				SDKROOT = iphoneos;
				SWIFT_COMPILATION_MODE = wholemodule;
				SWIFT_VERSION = 5.0;
				TARGETED_DEVICE_FAMILY = "1,2";
				VALIDATE_PRODUCT = YES;
			};
			name = Release;
		};
		F79EF71E258EB67400B21218 /* Debug */ = {
			isa = XCBuildConfiguration;
			baseConfigurationReference = 3536550F9FEAB1854636E8B6 /* Pods-BookReview.debug.xcconfig */;
			buildSettings = {
				COPY_PHASE_STRIP = NO;
				GCC_DYNAMIC_NO_PIC = NO;
				GCC_OPTIMIZATION_LEVEL = 0;
				INFOPLIST_FILE = "$(SRCROOT)/BookReview/Info.plist";
				PRODUCT_BUNDLE_IDENTIFIER = comtelevisaBookReview;
				PRODUCT_NAME = BookReview;
				TARGETED_DEVICE_FAMILY = 1;
			};
			name = Debug;
		};
		F79EF71F258EB67400B21218 /* Release */ = {
			isa = XCBuildConfiguration;
			baseConfigurationReference = A1EA7007D4F6D613A3462914 /* Pods-BookReview.release.xcconfig */;
			buildSettings = {
				COPY_PHASE_STRIP = YES;
				DEBUG_INFORMATION_FORMAT = "dwarf-with-dsym";
				INFOPLIST_FILE = "$(SRCROOT)/BookReview/Info.plist";
				PRODUCT_BUNDLE_IDENTIFIER = comtelevisaBookReview;
				PRODUCT_NAME = BookReview;
				TARGETED_DEVICE_FAMILY = 1;
			};
			name = Release;
		};
		F79EF721258EB67400B21218 /* Debug */ = {
			isa = XCBuildConfiguration;
			baseConfigurationReference = B06DCD7D07F0F715753D3355 /* Pods-BookReviewTests.debug.xcconfig */;
			buildSettings = {
				COPY_PHASE_STRIP = NO;
				GCC_DYNAMIC_NO_PIC = NO;
				GCC_OPTIMIZATION_LEVEL = 0;
				PRODUCT_NAME = BookReviewTests;
				TEST_HOST = "$(BUILT_PRODUCTS_DIR)/BookReview.app/BookReview";
			};
			name = Debug;
		};
		F79EF722258EB67400B21218 /* Release */ = {
			isa = XCBuildConfiguration;
			baseConfigurationReference = 452E7CC2061F395D1B2CD230 /* Pods-BookReviewTests.release.xcconfig */;
			buildSettings = {
				COPY_PHASE_STRIP = YES;
				DEBUG_INFORMATION_FORMAT = "dwarf-with-dsym";
				PRODUCT_NAME = BookReviewTests;
				TEST_HOST = "$(BUILT_PRODUCTS_DIR)/BookReview.app/BookReview";
			};
			name = Release;
		};
		F79EF724258EB67400B21218 /* Debug */ = {
			isa = XCBuildConfiguration;
			baseConfigurationReference = 1247C5039761D1105B9D0266 /* Pods-BookReview-BookReviewUITests.debug.xcconfig */;
			buildSettings = {
				COPY_PHASE_STRIP = NO;
				GCC_DYNAMIC_NO_PIC = NO;
				GCC_OPTIMIZATION_LEVEL = 0;
				PRODUCT_NAME = BookReviewUITests;
			};
			name = Debug;
		};
		F79EF725258EB67400B21218 /* Release */ = {
			isa = XCBuildConfiguration;
			baseConfigurationReference = FCDD8382D2FA370CAB9888C1 /* Pods-BookReview-BookReviewUITests.release.xcconfig */;
			buildSettings = {
				COPY_PHASE_STRIP = YES;
				DEBUG_INFORMATION_FORMAT = "dwarf-with-dsym";
				PRODUCT_NAME = BookReviewUITests;
			};
			name = Release;
		};
/* End XCBuildConfiguration section */

/* Begin XCConfigurationList section */
		0BF6499B1C5FB6CC00B8DDA0 /* Build configuration list for PBXProject "BookReview" */ = {
			isa = XCConfigurationList;
			buildConfigurations = (
				0BF649C81C5FB6CC00B8DDA0 /* Debug */,
				0BF649C91C5FB6CC00B8DDA0 /* Release */,
			);
			defaultConfigurationIsVisible = 0;
			defaultConfigurationName = Release;
		};
		0BF649CA1C5FB6CC00B8DDA0 /* Build configuration list for PBXNativeTarget "BookReview" */ = {
			isa = XCConfigurationList;
			buildConfigurations = (
				F79EF71E258EB67400B21218 /* Debug */,
				F79EF71F258EB67400B21218 /* Release */,
			);
			defaultConfigurationIsVisible = 0;
			defaultConfigurationName = Release;
		};
		0BF649CD1C5FB6CC00B8DDA0 /* Build configuration list for PBXNativeTarget "BookReviewTests" */ = {
			isa = XCConfigurationList;
			buildConfigurations = (
				F79EF721258EB67400B21218 /* Debug */,
				F79EF722258EB67400B21218 /* Release */,
			);
			defaultConfigurationIsVisible = 0;
			defaultConfigurationName = Release;
		};
		0BF649D01C5FB6CC00B8DDA0 /* Build configuration list for PBXNativeTarget "BookReviewUITests" */ = {
			isa = XCConfigurationList;
			buildConfigurations = (
				F79EF724258EB67400B21218 /* Debug */,
				F79EF725258EB67400B21218 /* Release */,
			);
			defaultConfigurationIsVisible = 0;
			defaultConfigurationName = Release;
		};
/* End XCConfigurationList section */
	};
	rootObject = 0BF649981C5FB6CC00B8DDA0 /* Project object */;
}
