// !$*UTF8*$!
{
	archiveVersion = 1;
	classes = {
	};
	objectVersion = 46;
	objects = {

/* Begin PBXBuildFile section */
		0BF649A41C5FB6CC00B8DDA0 /* AppDelegate.swift in Sources */ = {isa = PBXBuildFile; fileRef = 0BF649A31C5FB6CC00B8DDA0 /* AppDelegate.swift */; };
		0BF649A61C5FB6CC00B8DDA0 /* FirstViewController.swift in Sources */ = {isa = PBXBuildFile; fileRef = 0BF649A51C5FB6CC00B8DDA0 /* FirstViewController.swift */; };
		0BF649A81C5FB6CC00B8DDA0 /* SecondViewController.swift in Sources */ = {isa = PBXBuildFile; fileRef = 0BF649A71C5FB6CC00B8DDA0 /* SecondViewController.swift */; };
		0BF649AB1C5FB6CC00B8DDA0 /* Main.storyboard in Resources */ = {isa = PBXBuildFile; fileRef = 0BF649A91C5FB6CC00B8DDA0 /* Main.storyboard */; };
		0BF649AD1C5FB6CC00B8DDA0 /* Assets.xcassets in Resources */ = {isa = PBXBuildFile; fileRef = 0BF649AC1C5FB6CC00B8DDA0 /* Assets.xcassets */; };
		0BF649B01C5FB6CC00B8DDA0 /* LaunchScreen.storyboard in Resources */ = {isa = PBXBuildFile; fileRef = 0BF649AE1C5FB6CC00B8DDA0 /* LaunchScreen.storyboard */; };
		0BF649BB1C5FB6CC00B8DDA0 /* BookReviewTests.swift in Sources */ = {isa = PBXBuildFile; fileRef = 0BF649BA1C5FB6CC00B8DDA0 /* BookReviewTests.swift */; };
		0BF649C61C5FB6CC00B8DDA0 /* BookReviewUITests.swift in Sources */ = {isa = PBXBuildFile; fileRef = 0BF649C51C5FB6CC00B8DDA0 /* BookReviewUITests.swift */; };
		16D7B03322037AF3006D47F3 /* APIManager.swift in Sources */ = {isa = PBXBuildFile; fileRef = 16D7B03222037AF3006D47F3 /* APIManager.swift */; };
		16D7B03522037B17006D47F3 /* Models.swift in Sources */ = {isa = PBXBuildFile; fileRef = 16D7B03422037B17006D47F3 /* Models.swift */; };
		16D7B03F220386B1006D47F3 /* UserNameTableViewCell.swift in Sources */ = {isa = PBXBuildFile; fileRef = 16D7B03E220386B1006D47F3 /* UserNameTableViewCell.swift */; };
		16D7B0412203912A006D47F3 /* ReviewsTableViewCell.swift in Sources */ = {isa = PBXBuildFile; fileRef = 16D7B0402203912A006D47F3 /* ReviewsTableViewCell.swift */; };
		1EB56F2116F92D04DECBC365 /* Pods_BookReview.framework in Frameworks */ = {isa = PBXBuildFile; fileRef = 35585D40C0BDEF851CDADFBA /* Pods_BookReview.framework */; };
		48E414D661ED787948A49F5D /* Pods_BookReviewTests.framework in Frameworks */ = {isa = PBXBuildFile; fileRef = 3EBCA6D1C45279927A4A1A5D /* Pods_BookReviewTests.framework */; };
		7C943C7E6130E543C77D9F09 /* Pods_BookReview_BookReviewUITests.framework in Frameworks */ = {isa = PBXBuildFile; fileRef = 158B5C5F9C7580938EA2E494 /* Pods_BookReview_BookReviewUITests.framework */; };
		EAD91689220404E90050BFEC /* ReviewsViewController.swift in Sources */ = {isa = PBXBuildFile; fileRef = EAD91688220404E90050BFEC /* ReviewsViewController.swift */; };
		EAFB1D42220467790088B598 /* UserReviewDetailViewController.swift in Sources */ = {isa = PBXBuildFile; fileRef = EAFB1D41220467790088B598 /* UserReviewDetailViewController.swift */; };
		EAFB1D442204688B0088B598 /* UserReviewDetailTableViewCell.swift in Sources */ = {isa = PBXBuildFile; fileRef = EAFB1D432204688B0088B598 /* UserReviewDetailTableViewCell.swift */; };
/* End PBXBuildFile section */

/* Begin PBXContainerItemProxy section */
		0BF649B71C5FB6CC00B8DDA0 /* PBXContainerItemProxy */ = {
			isa = PBXContainerItemProxy;
			containerPortal = 0BF649981C5FB6CC00B8DDA0 /* Project object */;
			proxyType = 1;
			remoteGlobalIDString = 0BF6499F1C5FB6CC00B8DDA0;
			remoteInfo = BookReview;
		};
		0BF649C21C5FB6CC00B8DDA0 /* PBXContainerItemProxy */ = {
			isa = PBXContainerItemProxy;
			containerPortal = 0BF649981C5FB6CC00B8DDA0 /* Project object */;
			proxyType = 1;
			remoteGlobalIDString = 0BF6499F1C5FB6CC00B8DDA0;
			remoteInfo = BookReview;
		};
/* End PBXContainerItemProxy section */

/* Begin PBXFileReference section */
		0BF649A01C5FB6CC00B8DDA0 /* BookReview.app */ = {isa = PBXFileReference; explicitFileType = wrapper.application; includeInIndex = 0; path = BookReview.app; sourceTree = BUILT_PRODUCTS_DIR; };
		0BF649A31C5FB6CC00B8DDA0 /* AppDelegate.swift */ = {isa = PBXFileReference; lastKnownFileType = sourcecode.swift; path = AppDelegate.swift; sourceTree = "<group>"; };
		0BF649A51C5FB6CC00B8DDA0 /* FirstViewController.swift */ = {isa = PBXFileReference; lastKnownFileType = sourcecode.swift; path = FirstViewController.swift; sourceTree = "<group>"; };
		0BF649A71C5FB6CC00B8DDA0 /* SecondViewController.swift */ = {isa = PBXFileReference; lastKnownFileType = sourcecode.swift; path = SecondViewController.swift; sourceTree = "<group>"; };
		0BF649AA1C5FB6CC00B8DDA0 /* Base */ = {isa = PBXFileReference; lastKnownFileType = file.storyboard; name = Base; path = Base.lproj/Main.storyboard; sourceTree = "<group>"; };
		0BF649AC1C5FB6CC00B8DDA0 /* Assets.xcassets */ = {isa = PBXFileReference; lastKnownFileType = folder.assetcatalog; path = Assets.xcassets; sourceTree = "<group>"; };
		0BF649AF1C5FB6CC00B8DDA0 /* Base */ = {isa = PBXFileReference; lastKnownFileType = file.storyboard; name = Base; path = Base.lproj/LaunchScreen.storyboard; sourceTree = "<group>"; };
		0BF649B11C5FB6CC00B8DDA0 /* Info.plist */ = {isa = PBXFileReference; lastKnownFileType = text.plist.xml; path = Info.plist; sourceTree = "<group>"; };
		0BF649B61C5FB6CC00B8DDA0 /* BookReviewTests.xctest */ = {isa = PBXFileReference; explicitFileType = wrapper.cfbundle; includeInIndex = 0; path = BookReviewTests.xctest; sourceTree = BUILT_PRODUCTS_DIR; };
		0BF649BA1C5FB6CC00B8DDA0 /* BookReviewTests.swift */ = {isa = PBXFileReference; lastKnownFileType = sourcecode.swift; path = BookReviewTests.swift; sourceTree = "<group>"; };
		0BF649BC1C5FB6CC00B8DDA0 /* Info.plist */ = {isa = PBXFileReference; lastKnownFileType = text.plist.xml; path = Info.plist; sourceTree = "<group>"; };
		0BF649C11C5FB6CC00B8DDA0 /* BookReviewUITests.xctest */ = {isa = PBXFileReference; explicitFileType = wrapper.cfbundle; includeInIndex = 0; path = BookReviewUITests.xctest; sourceTree = BUILT_PRODUCTS_DIR; };
		0BF649C51C5FB6CC00B8DDA0 /* BookReviewUITests.swift */ = {isa = PBXFileReference; lastKnownFileType = sourcecode.swift; path = BookReviewUITests.swift; sourceTree = "<group>"; };
		0BF649C71C5FB6CC00B8DDA0 /* Info.plist */ = {isa = PBXFileReference; lastKnownFileType = text.plist.xml; path = Info.plist; sourceTree = "<group>"; };
		158B5C5F9C7580938EA2E494 /* Pods_BookReview_BookReviewUITests.framework */ = {isa = PBXFileReference; explicitFileType = wrapper.framework; includeInIndex = 0; path = Pods_BookReview_BookReviewUITests.framework; sourceTree = BUILT_PRODUCTS_DIR; };
		16D7B03222037AF3006D47F3 /* APIManager.swift */ = {isa = PBXFileReference; lastKnownFileType = sourcecode.swift; path = APIManager.swift; sourceTree = "<group>"; };
		16D7B03422037B17006D47F3 /* Models.swift */ = {isa = PBXFileReference; lastKnownFileType = sourcecode.swift; path = Models.swift; sourceTree = "<group>"; };
		16D7B036220380C3006D47F3 /* SwiftyJSON.framework */ = {isa = PBXFileReference; explicitFileType = wrapper.framework; path = SwiftyJSON.framework; sourceTree = BUILT_PRODUCTS_DIR; };
		16D7B03E220386B1006D47F3 /* UserNameTableViewCell.swift */ = {isa = PBXFileReference; lastKnownFileType = sourcecode.swift; path = UserNameTableViewCell.swift; sourceTree = "<group>"; };
		16D7B0402203912A006D47F3 /* ReviewsTableViewCell.swift */ = {isa = PBXFileReference; lastKnownFileType = sourcecode.swift; path = ReviewsTableViewCell.swift; sourceTree = "<group>"; };
		35585D40C0BDEF851CDADFBA /* Pods_BookReview.framework */ = {isa = PBXFileReference; explicitFileType = wrapper.framework; includeInIndex = 0; path = Pods_BookReview.framework; sourceTree = BUILT_PRODUCTS_DIR; };
		3EBCA6D1C45279927A4A1A5D /* Pods_BookReviewTests.framework */ = {isa = PBXFileReference; explicitFileType = wrapper.framework; includeInIndex = 0; path = Pods_BookReviewTests.framework; sourceTree = BUILT_PRODUCTS_DIR; };
		4C5DC0DC700E673AC4CD70D2 /* Pods-BookReviewTests.debug.xcconfig */ = {isa = PBXFileReference; includeInIndex = 1; lastKnownFileType = text.xcconfig; name = "Pods-BookReviewTests.debug.xcconfig"; path = "Target Support Files/Pods-BookReviewTests/Pods-BookReviewTests.debug.xcconfig"; sourceTree = "<group>"; };
		4F219FEE768C07C34E058EAC /* Pods-BookReview.debug.xcconfig */ = {isa = PBXFileReference; includeInIndex = 1; lastKnownFileType = text.xcconfig; name = "Pods-BookReview.debug.xcconfig"; path = "Target Support Files/Pods-BookReview/Pods-BookReview.debug.xcconfig"; sourceTree = "<group>"; };
		99F844909EFBBC04487F0FB8 /* Pods-BookReviewTests.release.xcconfig */ = {isa = PBXFileReference; includeInIndex = 1; lastKnownFileType = text.xcconfig; name = "Pods-BookReviewTests.release.xcconfig"; path = "Target Support Files/Pods-BookReviewTests/Pods-BookReviewTests.release.xcconfig"; sourceTree = "<group>"; };
		A1BF100D4CF1194158D02A31 /* Pods-BookReview-BookReviewUITests.debug.xcconfig */ = {isa = PBXFileReference; includeInIndex = 1; lastKnownFileType = text.xcconfig; name = "Pods-BookReview-BookReviewUITests.debug.xcconfig"; path = "Target Support Files/Pods-BookReview-BookReviewUITests/Pods-BookReview-BookReviewUITests.debug.xcconfig"; sourceTree = "<group>"; };
		B47A3838F7EC5E744D7C2FBD /* Pods-BookReview.release.xcconfig */ = {isa = PBXFileReference; includeInIndex = 1; lastKnownFileType = text.xcconfig; name = "Pods-BookReview.release.xcconfig"; path = "Target Support Files/Pods-BookReview/Pods-BookReview.release.xcconfig"; sourceTree = "<group>"; };
		B95BE293A9D815A05ADE92AB /* Pods-BookReview-BookReviewUITests.release.xcconfig */ = {isa = PBXFileReference; includeInIndex = 1; lastKnownFileType = text.xcconfig; name = "Pods-BookReview-BookReviewUITests.release.xcconfig"; path = "Target Support Files/Pods-BookReview-BookReviewUITests/Pods-BookReview-BookReviewUITests.release.xcconfig"; sourceTree = "<group>"; };
		EAD91688220404E90050BFEC /* ReviewsViewController.swift */ = {isa = PBXFileReference; lastKnownFileType = sourcecode.swift; name = ReviewsViewController.swift; path = BookReview/Reviews/ReviewsViewController.swift; sourceTree = SOURCE_ROOT; };
		EAFB1D41220467790088B598 /* UserReviewDetailViewController.swift */ = {isa = PBXFileReference; lastKnownFileType = sourcecode.swift; path = UserReviewDetailViewController.swift; sourceTree = "<group>"; };
		EAFB1D432204688B0088B598 /* UserReviewDetailTableViewCell.swift */ = {isa = PBXFileReference; lastKnownFileType = sourcecode.swift; path = UserReviewDetailTableViewCell.swift; sourceTree = "<group>"; };
/* End PBXFileReference section */

/* Begin PBXFrameworksBuildPhase section */
		0BF6499D1C5FB6CC00B8DDA0 /* Frameworks */ = {
			isa = PBXFrameworksBuildPhase;
			buildActionMask = 2147483647;
			files = (
				1EB56F2116F92D04DECBC365 /* Pods_BookReview.framework in Frameworks */,
			);
			runOnlyForDeploymentPostprocessing = 0;
		};
		0BF649B31C5FB6CC00B8DDA0 /* Frameworks */ = {
			isa = PBXFrameworksBuildPhase;
			buildActionMask = 2147483647;
			files = (
				48E414D661ED787948A49F5D /* Pods_BookReviewTests.framework in Frameworks */,
			);
			runOnlyForDeploymentPostprocessing = 0;
		};
		0BF649BE1C5FB6CC00B8DDA0 /* Frameworks */ = {
			isa = PBXFrameworksBuildPhase;
			buildActionMask = 2147483647;
			files = (
				7C943C7E6130E543C77D9F09 /* Pods_BookReview_BookReviewUITests.framework in Frameworks */,
			);
			runOnlyForDeploymentPostprocessing = 0;
		};
/* End PBXFrameworksBuildPhase section */

/* Begin PBXGroup section */
		0BF649971C5FB6CC00B8DDA0 = {
			isa = PBXGroup;
			children = (
				0BF649A21C5FB6CC00B8DDA0 /* BookReview */,
				0BF649B91C5FB6CC00B8DDA0 /* BookReviewTests */,
				0BF649C41C5FB6CC00B8DDA0 /* BookReviewUITests */,
				0BF649A11C5FB6CC00B8DDA0 /* Products */,
				0C36341B10C1CE8C1DB9D1B9 /* Frameworks */,
				804B7952B9E38260FCBAFE8F /* Pods */,
			);
			sourceTree = "<group>";
		};
		0BF649A11C5FB6CC00B8DDA0 /* Products */ = {
			isa = PBXGroup;
			children = (
				0BF649A01C5FB6CC00B8DDA0 /* BookReview.app */,
				0BF649B61C5FB6CC00B8DDA0 /* BookReviewTests.xctest */,
				0BF649C11C5FB6CC00B8DDA0 /* BookReviewUITests.xctest */,
			);
			name = Products;
			sourceTree = "<group>";
		};
		0BF649A21C5FB6CC00B8DDA0 /* BookReview */ = {
			isa = PBXGroup;
			children = (
				0BF649B11C5FB6CC00B8DDA0 /* Info.plist */,
				0BF649A31C5FB6CC00B8DDA0 /* AppDelegate.swift */,
				0BF649AE1C5FB6CC00B8DDA0 /* LaunchScreen.storyboard */,
				0BF649AC1C5FB6CC00B8DDA0 /* Assets.xcassets */,
				16D7B03D220385F5006D47F3 /* Storyboard */,
				16D7B03C220385D9006D47F3 /* Users */,
				16D7B03A220385BD006D47F3 /* Models */,
				16D7B03922038582006D47F3 /* ConnectionManager */,
				16D7B03822038559006D47F3 /* Reviews */,
			);
			path = BookReview;
			sourceTree = "<group>";
		};
		0BF649B91C5FB6CC00B8DDA0 /* BookReviewTests */ = {
			isa = PBXGroup;
			children = (
				0BF649BA1C5FB6CC00B8DDA0 /* BookReviewTests.swift */,
				0BF649BC1C5FB6CC00B8DDA0 /* Info.plist */,
			);
			path = BookReviewTests;
			sourceTree = "<group>";
		};
		0BF649C41C5FB6CC00B8DDA0 /* BookReviewUITests */ = {
			isa = PBXGroup;
			children = (
				0BF649C51C5FB6CC00B8DDA0 /* BookReviewUITests.swift */,
				0BF649C71C5FB6CC00B8DDA0 /* Info.plist */,
			);
			path = BookReviewUITests;
			sourceTree = "<group>";
		};
		0C36341B10C1CE8C1DB9D1B9 /* Frameworks */ = {
			isa = PBXGroup;
			children = (
				16D7B036220380C3006D47F3 /* SwiftyJSON.framework */,
				35585D40C0BDEF851CDADFBA /* Pods_BookReview.framework */,
				158B5C5F9C7580938EA2E494 /* Pods_BookReview_BookReviewUITests.framework */,
				3EBCA6D1C45279927A4A1A5D /* Pods_BookReviewTests.framework */,
			);
			name = Frameworks;
			sourceTree = "<group>";
		};
		16D7B03822038559006D47F3 /* Reviews */ = {
			isa = PBXGroup;
			children = (
				0BF649A51C5FB6CC00B8DDA0 /* FirstViewController.swift */,
				16D7B0402203912A006D47F3 /* ReviewsTableViewCell.swift */,
				EAD91688220404E90050BFEC /* ReviewsViewController.swift */,
			);
			name = Reviews;
			path = Users;
			sourceTree = "<group>";
		};
		16D7B03922038582006D47F3 /* ConnectionManager */ = {
			isa = PBXGroup;
			children = (
				16D7B03222037AF3006D47F3 /* APIManager.swift */,
			);
			path = ConnectionManager;
			sourceTree = "<group>";
		};
		16D7B03A220385BD006D47F3 /* Models */ = {
			isa = PBXGroup;
			children = (
				16D7B03422037B17006D47F3 /* Models.swift */,
			);
			path = Models;
			sourceTree = "<group>";
		};
		16D7B03C220385D9006D47F3 /* Users */ = {
			isa = PBXGroup;
			children = (
				0BF649A71C5FB6CC00B8DDA0 /* SecondViewController.swift */,
				16D7B03E220386B1006D47F3 /* UserNameTableViewCell.swift */,
				EAFB1D40220467010088B598 /* User Review Detail */,
			);
			name = Users;
			path = Reviews;
			sourceTree = "<group>";
		};
		16D7B03D220385F5006D47F3 /* Storyboard */ = {
			isa = PBXGroup;
			children = (
				0BF649A91C5FB6CC00B8DDA0 /* Main.storyboard */,
			);
			path = Storyboard;
			sourceTree = "<group>";
		};
		804B7952B9E38260FCBAFE8F /* Pods */ = {
			isa = PBXGroup;
			children = (
				4F219FEE768C07C34E058EAC /* Pods-BookReview.debug.xcconfig */,
				B47A3838F7EC5E744D7C2FBD /* Pods-BookReview.release.xcconfig */,
				A1BF100D4CF1194158D02A31 /* Pods-BookReview-BookReviewUITests.debug.xcconfig */,
				B95BE293A9D815A05ADE92AB /* Pods-BookReview-BookReviewUITests.release.xcconfig */,
				4C5DC0DC700E673AC4CD70D2 /* Pods-BookReviewTests.debug.xcconfig */,
				99F844909EFBBC04487F0FB8 /* Pods-BookReviewTests.release.xcconfig */,
			);
			name = Pods;
			path = Pods;
			sourceTree = "<group>";
		};
		EAFB1D40220467010088B598 /* User Review Detail */ = {
			isa = PBXGroup;
			children = (
				EAFB1D41220467790088B598 /* UserReviewDetailViewController.swift */,
				EAFB1D432204688B0088B598 /* UserReviewDetailTableViewCell.swift */,
			);
			path = "User Review Detail";
			sourceTree = "<group>";
		};
/* End PBXGroup section */

/* Begin PBXNativeTarget section */
		0BF6499F1C5FB6CC00B8DDA0 /* BookReview */ = {
			isa = PBXNativeTarget;
			buildConfigurationList = 0BF649CA1C5FB6CC00B8DDA0 /* Build configuration list for PBXNativeTarget "BookReview" */;
			buildPhases = (
				8C0392CEA2EA751A362F0EC0 /* [CP] Check Pods Manifest.lock */,
				0BF6499C1C5FB6CC00B8DDA0 /* Sources */,
				0BF6499D1C5FB6CC00B8DDA0 /* Frameworks */,
				0BF6499E1C5FB6CC00B8DDA0 /* Resources */,
				04BC39ADD71AA2D7AF17E65D /* [CP] Embed Pods Frameworks */,
			);
			buildRules = (
			);
			dependencies = (
			);
			name = BookReview;
			productName = BookReview;
			productReference = 0BF649A01C5FB6CC00B8DDA0 /* BookReview.app */;
			productType = "com.apple.product-type.application";
		};
		0BF649B51C5FB6CC00B8DDA0 /* BookReviewTests */ = {
			isa = PBXNativeTarget;
			buildConfigurationList = 0BF649CD1C5FB6CC00B8DDA0 /* Build configuration list for PBXNativeTarget "BookReviewTests" */;
			buildPhases = (
				7234EBF7BFD92E9780838AD0 /* [CP] Check Pods Manifest.lock */,
				0BF649B21C5FB6CC00B8DDA0 /* Sources */,
				0BF649B31C5FB6CC00B8DDA0 /* Frameworks */,
				0BF649B41C5FB6CC00B8DDA0 /* Resources */,
			);
			buildRules = (
			);
			dependencies = (
				0BF649B81C5FB6CC00B8DDA0 /* PBXTargetDependency */,
			);
			name = BookReviewTests;
			productName = BookReviewTests;
			productReference = 0BF649B61C5FB6CC00B8DDA0 /* BookReviewTests.xctest */;
			productType = "com.apple.product-type.bundle.unit-test";
		};
		0BF649C01C5FB6CC00B8DDA0 /* BookReviewUITests */ = {
			isa = PBXNativeTarget;
			buildConfigurationList = 0BF649D01C5FB6CC00B8DDA0 /* Build configuration list for PBXNativeTarget "BookReviewUITests" */;
			buildPhases = (
				9B42DC7E193DF645FE157B62 /* [CP] Check Pods Manifest.lock */,
				0BF649BD1C5FB6CC00B8DDA0 /* Sources */,
				0BF649BE1C5FB6CC00B8DDA0 /* Frameworks */,
				0BF649BF1C5FB6CC00B8DDA0 /* Resources */,
				7735FADC733ABC3110130527 /* [CP] Embed Pods Frameworks */,
			);
			buildRules = (
			);
			dependencies = (
				0BF649C31C5FB6CC00B8DDA0 /* PBXTargetDependency */,
			);
			name = BookReviewUITests;
			productName = BookReviewUITests;
			productReference = 0BF649C11C5FB6CC00B8DDA0 /* BookReviewUITests.xctest */;
			productType = "com.apple.product-type.bundle.ui-testing";
		};
/* End PBXNativeTarget section */

/* Begin PBXProject section */
		0BF649981C5FB6CC00B8DDA0 /* Project object */ = {
			isa = PBXProject;
			attributes = {
				LastSwiftUpdateCheck = 0720;
				LastUpgradeCheck = 1200;
				ORGANIZATIONNAME = Televisa;
				TargetAttributes = {
					0BF6499F1C5FB6CC00B8DDA0 = {
						CreatedOnToolsVersion = 7.2;
						DevelopmentTeam = 63ZV3S44QC;
					};
					0BF649B51C5FB6CC00B8DDA0 = {
						CreatedOnToolsVersion = 7.2;
						TestTargetID = 0BF6499F1C5FB6CC00B8DDA0;
					};
					0BF649C01C5FB6CC00B8DDA0 = {
						CreatedOnToolsVersion = 7.2;
						TestTargetID = 0BF6499F1C5FB6CC00B8DDA0;
					};
				};
			};
			buildConfigurationList = 0BF6499B1C5FB6CC00B8DDA0 /* Build configuration list for PBXProject "BookReview" */;
			compatibilityVersion = "Xcode 3.2";
			developmentRegion = en;
			hasScannedForEncodings = 0;
			knownRegions = (
				en,
				Base,
			);
			mainGroup = 0BF649971C5FB6CC00B8DDA0;
			productRefGroup = 0BF649A11C5FB6CC00B8DDA0 /* Products */;
			projectDirPath = "";
			projectRoot = "";
			targets = (
				0BF6499F1C5FB6CC00B8DDA0 /* BookReview */,
				0BF649B51C5FB6CC00B8DDA0 /* BookReviewTests */,
				0BF649C01C5FB6CC00B8DDA0 /* BookReviewUITests */,
			);
		};
/* End PBXProject section */

/* Begin PBXResourcesBuildPhase section */
		0BF6499E1C5FB6CC00B8DDA0 /* Resources */ = {
			isa = PBXResourcesBuildPhase;
			buildActionMask = 2147483647;
			files = (
				0BF649B01C5FB6CC00B8DDA0 /* LaunchScreen.storyboard in Resources */,
				0BF649AD1C5FB6CC00B8DDA0 /* Assets.xcassets in Resources */,
				0BF649AB1C5FB6CC00B8DDA0 /* Main.storyboard in Resources */,
			);
			runOnlyForDeploymentPostprocessing = 0;
		};
		0BF649B41C5FB6CC00B8DDA0 /* Resources */ = {
			isa = PBXResourcesBuildPhase;
			buildActionMask = 2147483647;
			files = (
			);
			runOnlyForDeploymentPostprocessing = 0;
		};
		0BF649BF1C5FB6CC00B8DDA0 /* Resources */ = {
			isa = PBXResourcesBuildPhase;
			buildActionMask = 2147483647;
			files = (
			);
			runOnlyForDeploymentPostprocessing = 0;
		};
/* End PBXResourcesBuildPhase section */

/* Begin PBXShellScriptBuildPhase section */
		04BC39ADD71AA2D7AF17E65D /* [CP] Embed Pods Frameworks */ = {
			isa = PBXShellScriptBuildPhase;
			buildActionMask = 2147483647;
			files = (
			);
			inputPaths = (
				"${PODS_ROOT}/Target Support Files/Pods-BookReview/Pods-BookReview-frameworks.sh",
				"${BUILT_PRODUCTS_DIR}/Swinject/Swinject.framework",
			);
			name = "[CP] Embed Pods Frameworks";
			outputPaths = (
				"${TARGET_BUILD_DIR}/${FRAMEWORKS_FOLDER_PATH}/Swinject.framework",
			);
			runOnlyForDeploymentPostprocessing = 0;
			shellPath = /bin/sh;
			shellScript = "\"${PODS_ROOT}/Target Support Files/Pods-BookReview/Pods-BookReview-frameworks.sh\"\n";
			showEnvVarsInLog = 0;
		};
		7234EBF7BFD92E9780838AD0 /* [CP] Check Pods Manifest.lock */ = {
			isa = PBXShellScriptBuildPhase;
			buildActionMask = 2147483647;
			files = (
			);
			inputFileListPaths = (
			);
			inputPaths = (
				"${PODS_PODFILE_DIR_PATH}/Podfile.lock",
				"${PODS_ROOT}/Manifest.lock",
			);
			name = "[CP] Check Pods Manifest.lock";
			outputFileListPaths = (
			);
			outputPaths = (
				"$(DERIVED_FILE_DIR)/Pods-BookReviewTests-checkManifestLockResult.txt",
			);
			runOnlyForDeploymentPostprocessing = 0;
			shellPath = /bin/sh;
			shellScript = "diff \"${PODS_PODFILE_DIR_PATH}/Podfile.lock\" \"${PODS_ROOT}/Manifest.lock\" > /dev/null\nif [ $? != 0 ] ; then\n    # print error to STDERR\n    echo \"error: The sandbox is not in sync with the Podfile.lock. Run 'pod install' or update your CocoaPods installation.\" >&2\n    exit 1\nfi\n# This output is used by Xcode 'outputs' to avoid re-running this script phase.\necho \"SUCCESS\" > \"${SCRIPT_OUTPUT_FILE_0}\"\n";
			showEnvVarsInLog = 0;
		};
		7735FADC733ABC3110130527 /* [CP] Embed Pods Frameworks */ = {
			isa = PBXShellScriptBuildPhase;
			buildActionMask = 2147483647;
			files = (
			);
			inputPaths = (
				"${PODS_ROOT}/Target Support Files/Pods-BookReview-BookReviewUITests/Pods-BookReview-BookReviewUITests-frameworks.sh",
				"${BUILT_PRODUCTS_DIR}/Swinject/Swinject.framework",
			);
			name = "[CP] Embed Pods Frameworks";
			outputPaths = (
				"${TARGET_BUILD_DIR}/${FRAMEWORKS_FOLDER_PATH}/Swinject.framework",
			);
			runOnlyForDeploymentPostprocessing = 0;
			shellPath = /bin/sh;
			shellScript = "\"${PODS_ROOT}/Target Support Files/Pods-BookReview-BookReviewUITests/Pods-BookReview-BookReviewUITests-frameworks.sh\"\n";
			showEnvVarsInLog = 0;
		};
		8C0392CEA2EA751A362F0EC0 /* [CP] Check Pods Manifest.lock */ = {
			isa = PBXShellScriptBuildPhase;
			buildActionMask = 2147483647;
			files = (
			);
			inputFileListPaths = (
			);
			inputPaths = (
				"${PODS_PODFILE_DIR_PATH}/Podfile.lock",
				"${PODS_ROOT}/Manifest.lock",
			);
			name = "[CP] Check Pods Manifest.lock";
			outputFileListPaths = (
			);
			outputPaths = (
				"$(DERIVED_FILE_DIR)/Pods-BookReview-checkManifestLockResult.txt",
			);
			runOnlyForDeploymentPostprocessing = 0;
			shellPath = /bin/sh;
			shellScript = "diff \"${PODS_PODFILE_DIR_PATH}/Podfile.lock\" \"${PODS_ROOT}/Manifest.lock\" > /dev/null\nif [ $? != 0 ] ; then\n    # print error to STDERR\n    echo \"error: The sandbox is not in sync with the Podfile.lock. Run 'pod install' or update your CocoaPods installation.\" >&2\n    exit 1\nfi\n# This output is used by Xcode 'outputs' to avoid re-running this script phase.\necho \"SUCCESS\" > \"${SCRIPT_OUTPUT_FILE_0}\"\n";
			showEnvVarsInLog = 0;
		};
		9B42DC7E193DF645FE157B62 /* [CP] Check Pods Manifest.lock */ = {
			isa = PBXShellScriptBuildPhase;
			buildActionMask = 2147483647;
			files = (
			);
			inputFileListPaths = (
			);
			inputPaths = (
				"${PODS_PODFILE_DIR_PATH}/Podfile.lock",
				"${PODS_ROOT}/Manifest.lock",
			);
			name = "[CP] Check Pods Manifest.lock";
			outputFileListPaths = (
			);
			outputPaths = (
				"$(DERIVED_FILE_DIR)/Pods-BookReview-BookReviewUITests-checkManifestLockResult.txt",
			);
			runOnlyForDeploymentPostprocessing = 0;
			shellPath = /bin/sh;
			shellScript = "diff \"${PODS_PODFILE_DIR_PATH}/Podfile.lock\" \"${PODS_ROOT}/Manifest.lock\" > /dev/null\nif [ $? != 0 ] ; then\n    # print error to STDERR\n    echo \"error: The sandbox is not in sync with the Podfile.lock. Run 'pod install' or update your CocoaPods installation.\" >&2\n    exit 1\nfi\n# This output is used by Xcode 'outputs' to avoid re-running this script phase.\necho \"SUCCESS\" > \"${SCRIPT_OUTPUT_FILE_0}\"\n";
			showEnvVarsInLog = 0;
		};
/* End PBXShellScriptBuildPhase section */

/* Begin PBXSourcesBuildPhase section */
		0BF6499C1C5FB6CC00B8DDA0 /* Sources */ = {
			isa = PBXSourcesBuildPhase;
			buildActionMask = 2147483647;
			files = (
				16D7B03322037AF3006D47F3 /* APIManager.swift in Sources */,
				16D7B03F220386B1006D47F3 /* UserNameTableViewCell.swift in Sources */,
				EAD91689220404E90050BFEC /* ReviewsViewController.swift in Sources */,
				EAFB1D442204688B0088B598 /* UserReviewDetailTableViewCell.swift in Sources */,
				16D7B0412203912A006D47F3 /* ReviewsTableViewCell.swift in Sources */,
				0BF649A81C5FB6CC00B8DDA0 /* SecondViewController.swift in Sources */,
				EAFB1D42220467790088B598 /* UserReviewDetailViewController.swift in Sources */,
				0BF649A41C5FB6CC00B8DDA0 /* AppDelegate.swift in Sources */,
				0BF649A61C5FB6CC00B8DDA0 /* FirstViewController.swift in Sources */,
				16D7B03522037B17006D47F3 /* Models.swift in Sources */,
			);
			runOnlyForDeploymentPostprocessing = 0;
		};
		0BF649B21C5FB6CC00B8DDA0 /* Sources */ = {
			isa = PBXSourcesBuildPhase;
			buildActionMask = 2147483647;
			files = (
				0BF649BB1C5FB6CC00B8DDA0 /* BookReviewTests.swift in Sources */,
			);
			runOnlyForDeploymentPostprocessing = 0;
		};
		0BF649BD1C5FB6CC00B8DDA0 /* Sources */ = {
			isa = PBXSourcesBuildPhase;
			buildActionMask = 2147483647;
			files = (
				0BF649C61C5FB6CC00B8DDA0 /* BookReviewUITests.swift in Sources */,
			);
			runOnlyForDeploymentPostprocessing = 0;
		};
/* End PBXSourcesBuildPhase section */

/* Begin PBXTargetDependency section */
		0BF649B81C5FB6CC00B8DDA0 /* PBXTargetDependency */ = {
			isa = PBXTargetDependency;
			target = 0BF6499F1C5FB6CC00B8DDA0 /* BookReview */;
			targetProxy = 0BF649B71C5FB6CC00B8DDA0 /* PBXContainerItemProxy */;
		};
		0BF649C31C5FB6CC00B8DDA0 /* PBXTargetDependency */ = {
			isa = PBXTargetDependency;
			target = 0BF6499F1C5FB6CC00B8DDA0 /* BookReview */;
			targetProxy = 0BF649C21C5FB6CC00B8DDA0 /* PBXContainerItemProxy */;
		};
/* End PBXTargetDependency section */

/* Begin PBXVariantGroup section */
		0BF649A91C5FB6CC00B8DDA0 /* Main.storyboard */ = {
			isa = PBXVariantGroup;
			children = (
				0BF649AA1C5FB6CC00B8DDA0 /* Base */,
			);
			name = Main.storyboard;
			sourceTree = "<group>";
		};
		0BF649AE1C5FB6CC00B8DDA0 /* LaunchScreen.storyboard */ = {
			isa = PBXVariantGroup;
			children = (
				0BF649AF1C5FB6CC00B8DDA0 /* Base */,
			);
			name = LaunchScreen.storyboard;
			sourceTree = "<group>";
		};
/* End PBXVariantGroup section */

/* Begin XCBuildConfiguration section */
		0BF649C81C5FB6CC00B8DDA0 /* Debug */ = {
			isa = XCBuildConfiguration;
			buildSettings = {
				ALWAYS_SEARCH_USER_PATHS = NO;
				CLANG_ANALYZER_LOCALIZABILITY_NONLOCALIZED = YES;
				CLANG_CXX_LANGUAGE_STANDARD = "gnu++0x";
				CLANG_CXX_LIBRARY = "libc++";
				CLANG_ENABLE_MODULES = YES;
				CLANG_ENABLE_OBJC_ARC = YES;
				CLANG_WARN_BLOCK_CAPTURE_AUTORELEASING = YES;
				CLANG_WARN_BOOL_CONVERSION = YES;
				CLANG_WARN_COMMA = YES;
				CLANG_WARN_CONSTANT_CONVERSION = YES;
				CLANG_WARN_DEPRECATED_OBJC_IMPLEMENTATIONS = YES;
				CLANG_WARN_DIRECT_OBJC_ISA_USAGE = YES_ERROR;
				CLANG_WARN_EMPTY_BODY = YES;
				CLANG_WARN_ENUM_CONVERSION = YES;
				CLANG_WARN_INFINITE_RECURSION = YES;
				CLANG_WARN_INT_CONVERSION = YES;
				CLANG_WARN_NON_LITERAL_NULL_CONVERSION = YES;
				CLANG_WARN_OBJC_IMPLICIT_RETAIN_SELF = YES;
				CLANG_WARN_OBJC_LITERAL_CONVERSION = YES;
				CLANG_WARN_OBJC_ROOT_CLASS = YES_ERROR;
				CLANG_WARN_QUOTED_INCLUDE_IN_FRAMEWORK_HEADER = YES;
				CLANG_WARN_RANGE_LOOP_ANALYSIS = YES;
				CLANG_WARN_STRICT_PROTOTYPES = YES;
				CLANG_WARN_SUSPICIOUS_MOVE = YES;
				CLANG_WARN_UNREACHABLE_CODE = YES;
				CLANG_WARN__DUPLICATE_METHOD_MATCH = YES;
				"CODE_SIGN_IDENTITY[sdk=iphoneos*]" = "iPhone Developer";
				COPY_PHASE_STRIP = NO;
				DEBUG_INFORMATION_FORMAT = dwarf;
				ENABLE_STRICT_OBJC_MSGSEND = YES;
				ENABLE_TESTABILITY = YES;
				GCC_C_LANGUAGE_STANDARD = gnu11;
				GCC_DYNAMIC_NO_PIC = NO;
				GCC_NO_COMMON_BLOCKS = YES;
				GCC_OPTIMIZATION_LEVEL = 0;
				GCC_PREPROCESSOR_DEFINITIONS = (
					"DEBUG=1",
					"$(inherited)",
				);
				GCC_WARN_64_TO_32_BIT_CONVERSION = YES;
				GCC_WARN_ABOUT_RETURN_TYPE = YES_ERROR;
				GCC_WARN_UNDECLARED_SELECTOR = YES;
				GCC_WARN_UNINITIALIZED_AUTOS = YES_AGGRESSIVE;
				GCC_WARN_UNUSED_FUNCTION = YES;
				GCC_WARN_UNUSED_VARIABLE = YES;
				IPHONEOS_DEPLOYMENT_TARGET = 12.0;
				MTL_ENABLE_DEBUG_INFO = YES;
				ONLY_ACTIVE_ARCH = YES;
				SDKROOT = iphoneos;
				SWIFT_OPTIMIZATION_LEVEL = "-Onone";
				SWIFT_VERSION = 5.0;
				TARGETED_DEVICE_FAMILY = "1,2";
			};
			name = Debug;
		};
		0BF649C91C5FB6CC00B8DDA0 /* Release */ = {
			isa = XCBuildConfiguration;
			buildSettings = {
				ALWAYS_SEARCH_USER_PATHS = NO;
				CLANG_ANALYZER_LOCALIZABILITY_NONLOCALIZED = YES;
				CLANG_CXX_LANGUAGE_STANDARD = "gnu++0x";
				CLANG_CXX_LIBRARY = "libc++";
				CLANG_ENABLE_MODULES = YES;
				CLANG_ENABLE_OBJC_ARC = YES;
				CLANG_WARN_BLOCK_CAPTURE_AUTORELEASING = YES;
				CLANG_WARN_BOOL_CONVERSION = YES;
				CLANG_WARN_COMMA = YES;
				CLANG_WARN_CONSTANT_CONVERSION = YES;
				CLANG_WARN_DEPRECATED_OBJC_IMPLEMENTATIONS = YES;
				CLANG_WARN_DIRECT_OBJC_ISA_USAGE = YES_ERROR;
				CLANG_WARN_EMPTY_BODY = YES;
				CLANG_WARN_ENUM_CONVERSION = YES;
				CLANG_WARN_INFINITE_RECURSION = YES;
				CLANG_WARN_INT_CONVERSION = YES;
				CLANG_WARN_NON_LITERAL_NULL_CONVERSION = YES;
				CLANG_WARN_OBJC_IMPLICIT_RETAIN_SELF = YES;
				CLANG_WARN_OBJC_LITERAL_CONVERSION = YES;
				CLANG_WARN_OBJC_ROOT_CLASS = YES_ERROR;
				CLANG_WARN_QUOTED_INCLUDE_IN_FRAMEWORK_HEADER = YES;
				CLANG_WARN_RANGE_LOOP_ANALYSIS = YES;
				CLANG_WARN_STRICT_PROTOTYPES = YES;
				CLANG_WARN_SUSPICIOUS_MOVE = YES;
				CLANG_WARN_UNREACHABLE_CODE = YES;
				CLANG_WARN__DUPLICATE_METHOD_MATCH = YES;
				"CODE_SIGN_IDENTITY[sdk=iphoneos*]" = "iPhone Developer";
				COPY_PHASE_STRIP = NO;
				DEBUG_INFORMATION_FORMAT = "dwarf-with-dsym";
				ENABLE_NS_ASSERTIONS = NO;
				ENABLE_STRICT_OBJC_MSGSEND = YES;
				GCC_C_LANGUAGE_STANDARD = gnu11;
				GCC_NO_COMMON_BLOCKS = YES;
				GCC_WARN_64_TO_32_BIT_CONVERSION = YES;
				GCC_WARN_ABOUT_RETURN_TYPE = YES_ERROR;
				GCC_WARN_UNDECLARED_SELECTOR = YES;
				GCC_WARN_UNINITIALIZED_AUTOS = YES_AGGRESSIVE;
				GCC_WARN_UNUSED_FUNCTION = YES;
				GCC_WARN_UNUSED_VARIABLE = YES;
				IPHONEOS_DEPLOYMENT_TARGET = 12.0;
				MTL_ENABLE_DEBUG_INFO = NO;
				SDKROOT = iphoneos;
				SWIFT_COMPILATION_MODE = wholemodule;
				SWIFT_VERSION = 5.0;
				TARGETED_DEVICE_FAMILY = "1,2";
				VALIDATE_PRODUCT = YES;
			};
			name = Release;
		};
		0BF649CB1C5FB6CC00B8DDA0 /* Debug */ = {
			isa = XCBuildConfiguration;
			baseConfigurationReference = 4F219FEE768C07C34E058EAC /* Pods-BookReview.debug.xcconfig */;
			buildSettings = {
				ASSETCATALOG_COMPILER_APPICON_NAME = AppIcon;
				DEVELOPMENT_TEAM = 63ZV3S44QC;
				INFOPLIST_FILE = BookReview/Info.plist;
				LD_RUNPATH_SEARCH_PATHS = "$(inherited) @executable_path/Frameworks";
				PRODUCT_BUNDLE_IDENTIFIER = comtelevisaBookReview;
				PRODUCT_NAME = "$(TARGET_NAME)";
				SWIFT_VERSION = 5.0;
			};
			name = Debug;
		};
		0BF649CC1C5FB6CC00B8DDA0 /* Release */ = {
			isa = XCBuildConfiguration;
			baseConfigurationReference = B47A3838F7EC5E744D7C2FBD /* Pods-BookReview.release.xcconfig */;
			buildSettings = {
				ASSETCATALOG_COMPILER_APPICON_NAME = AppIcon;
				DEVELOPMENT_TEAM = 63ZV3S44QC;
				INFOPLIST_FILE = BookReview/Info.plist;
				LD_RUNPATH_SEARCH_PATHS = "$(inherited) @executable_path/Frameworks";
				PRODUCT_BUNDLE_IDENTIFIER = comtelevisaBookReview;
				PRODUCT_NAME = "$(TARGET_NAME)";
				SWIFT_VERSION = 5.0;
			};
			name = Release;
		};
		0BF649CE1C5FB6CC00B8DDA0 /* Debug */ = {
			isa = XCBuildConfiguration;
			baseConfigurationReference = 4C5DC0DC700E673AC4CD70D2 /* Pods-BookReviewTests.debug.xcconfig */;
			buildSettings = {
				BUNDLE_LOADER = "$(TEST_HOST)";
				INFOPLIST_FILE = BookReviewTests/Info.plist;
				LD_RUNPATH_SEARCH_PATHS = "$(inherited) @executable_path/Frameworks @loader_path/Frameworks";
				PRODUCT_BUNDLE_IDENTIFIER = com.televisa.BookReviewTests;
				PRODUCT_NAME = "$(TARGET_NAME)";
				SWIFT_VERSION = 5.0;
				TEST_HOST = "$(BUILT_PRODUCTS_DIR)/BookReview.app/BookReview";
			};
			name = Debug;
		};
		0BF649CF1C5FB6CC00B8DDA0 /* Release */ = {
			isa = XCBuildConfiguration;
			baseConfigurationReference = 99F844909EFBBC04487F0FB8 /* Pods-BookReviewTests.release.xcconfig */;
			buildSettings = {
				BUNDLE_LOADER = "$(TEST_HOST)";
				INFOPLIST_FILE = BookReviewTests/Info.plist;
				LD_RUNPATH_SEARCH_PATHS = "$(inherited) @executable_path/Frameworks @loader_path/Frameworks";
				PRODUCT_BUNDLE_IDENTIFIER = com.televisa.BookReviewTests;
				PRODUCT_NAME = "$(TARGET_NAME)";
				SWIFT_VERSION = 5.0;
				TEST_HOST = "$(BUILT_PRODUCTS_DIR)/BookReview.app/BookReview";
			};
			name = Release;
		};
		0BF649D11C5FB6CC00B8DDA0 /* Debug */ = {
			isa = XCBuildConfiguration;
			baseConfigurationReference = A1BF100D4CF1194158D02A31 /* Pods-BookReview-BookReviewUITests.debug.xcconfig */;
			buildSettings = {
				INFOPLIST_FILE = BookReviewUITests/Info.plist;
				LD_RUNPATH_SEARCH_PATHS = "$(inherited) @executable_path/Frameworks @loader_path/Frameworks";
				PRODUCT_BUNDLE_IDENTIFIER = com.televisa.BookReviewUITests;
				PRODUCT_NAME = "$(TARGET_NAME)";
				SWIFT_VERSION = 5.0;
				TEST_TARGET_NAME = BookReview;
				USES_XCTRUNNER = YES;
			};
			name = Debug;
		};
		0BF649D21C5FB6CC00B8DDA0 /* Release */ = {
			isa = XCBuildConfiguration;
			baseConfigurationReference = B95BE293A9D815A05ADE92AB /* Pods-BookReview-BookReviewUITests.release.xcconfig */;
			buildSettings = {
				INFOPLIST_FILE = BookReviewUITests/Info.plist;
				LD_RUNPATH_SEARCH_PATHS = "$(inherited) @executable_path/Frameworks @loader_path/Frameworks";
				PRODUCT_BUNDLE_IDENTIFIER = com.televisa.BookReviewUITests;
				PRODUCT_NAME = "$(TARGET_NAME)";
				SWIFT_VERSION = 5.0;
				TEST_TARGET_NAME = BookReview;
				USES_XCTRUNNER = YES;
			};
			name = Release;
		};
/* End XCBuildConfiguration section */

/* Begin XCConfigurationList section */
		0BF6499B1C5FB6CC00B8DDA0 /* Build configuration list for PBXProject "BookReview" */ = {
			isa = XCConfigurationList;
			buildConfigurations = (
				0BF649C81C5FB6CC00B8DDA0 /* Debug */,
				0BF649C91C5FB6CC00B8DDA0 /* Release */,
			);
			defaultConfigurationIsVisible = 0;
			defaultConfigurationName = Release;
		};
		0BF649CA1C5FB6CC00B8DDA0 /* Build configuration list for PBXNativeTarget "BookReview" */ = {
			isa = XCConfigurationList;
			buildConfigurations = (
				0BF649CB1C5FB6CC00B8DDA0 /* Debug */,
				0BF649CC1C5FB6CC00B8DDA0 /* Release */,
			);
			defaultConfigurationIsVisible = 0;
			defaultConfigurationName = Release;
		};
		0BF649CD1C5FB6CC00B8DDA0 /* Build configuration list for PBXNativeTarget "BookReviewTests" */ = {
			isa = XCConfigurationList;
			buildConfigurations = (
				0BF649CE1C5FB6CC00B8DDA0 /* Debug */,
				0BF649CF1C5FB6CC00B8DDA0 /* Release */,
			);
			defaultConfigurationIsVisible = 0;
			defaultConfigurationName = Release;
		};
		0BF649D01C5FB6CC00B8DDA0 /* Build configuration list for PBXNativeTarget "BookReviewUITests" */ = {
			isa = XCConfigurationList;
			buildConfigurations = (
				0BF649D11C5FB6CC00B8DDA0 /* Debug */,
				0BF649D21C5FB6CC00B8DDA0 /* Release */,
			);
			defaultConfigurationIsVisible = 0;
			defaultConfigurationName = Release;
		};
/* End XCConfigurationList section */
	};
	rootObject = 0BF649981C5FB6CC00B8DDA0 /* Project object */;
}
